bbf22ef3737f502200d7a1a64964ecfd0eccfaf28f12266115b87dd00c0cbf39  bazel-out/k8-fastbuild/bin/ts/knowitwhenyouseeit/npm_pkg_deps.json
0ae135cee402a5fcf574b04b8124280037adbdbf780ee04dc5f850e58376d04b  ts/knowitwhenyouseeit/README.md
35135aaa6cc23891b40cb3f378c53a17a1127210ce60e125ccf03efcfdaec458  ts/knowitwhenyouseeit/version/minor
