a874bc0a941c0a634fb3fedd5ed2dc3ed0964e31a4730a974425aec5f71efbe6  bazel-out/k8-fastbuild/bin/ts/knowitwhenyouseeit/npm_pkg_deps.json
0ae135cee402a5fcf574b04b8124280037adbdbf780ee04dc5f850e58376d04b  ts/knowitwhenyouseeit/README.md
e29c9c180c6279b0b02abd6a1801c7c04082cf486ec027aa13515e4f3884bb6b  ts/knowitwhenyouseeit/version/minor
