5752234ba623f29d2dcdbeaa39d8fe373a62e99156f8d8d679e626b54413112f  bazel-out/k8-fastbuild/bin/ts/knowitwhenyouseeit/npm_pkg_deps.json
0ae135cee402a5fcf574b04b8124280037adbdbf780ee04dc5f850e58376d04b  ts/knowitwhenyouseeit/README.md
6f4b6612125fb3a0daecd2799dfd6c9c299424fd920f9b308110a2c1fbd8f443  ts/knowitwhenyouseeit/version/minor
