{
  "version": 4,
  "terraform_version": "0.15.5",
  "serial": 78,
  "lineage": "57d4be63-dda5-8439-8861-37c62a51702e",
  "outputs": {},
  "resources": [
    {
      "mode": "managed",
      "type": "aws_s3_bucket",
      "name": "staging-bucket",
      "provider": "provider[\"registry.terraform.io/hashicorp/aws\"]",
      "instances": [
        {
          "schema_version": 0,
          "attributes": {
            "acceleration_status": "",
            "acl": "private",
            "arn": "arn:aws:s3:::staging.zemn.me",
            "bucket": "staging.zemn.me",
            "bucket_domain_name": "staging.zemn.me.s3.amazonaws.com",
            "bucket_prefix": null,
            "bucket_regional_domain_name": "staging.zemn.me.s3.us-west-2.amazonaws.com",
            "cors_rule": [],
            "force_destroy": false,
            "grant": [],
            "hosted_zone_id": "Z3BJ6K6RIION7M",
            "id": "staging.zemn.me",
            "lifecycle_rule": [],
            "logging": [],
            "object_lock_configuration": [],
            "policy": null,
            "region": "us-west-2",
            "replication_configuration": [],
            "request_payer": "BucketOwner",
            "server_side_encryption_configuration": [],
            "tags": {
              "AssociatedWith": "zemn.me",
              "Environment": "staging"
            },
            "tags_all": {
              "AssociatedWith": "zemn.me",
              "Environment": "staging"
            },
            "versioning": [
              {
                "enabled": false,
                "mfa_delete": false
              }
            ],
            "website": [],
            "website_domain": null,
            "website_endpoint": null
          },
          "sensitive_attributes": [],
          "private": "bnVsbA=="
        }
      ]
    },
    {
      "mode": "managed",
      "type": "aws_s3_bucket",
      "name": "staging-logs-bucket",
      "provider": "provider[\"registry.terraform.io/hashicorp/aws\"]",
      "instances": [
        {
          "schema_version": 0,
          "attributes": {
            "acceleration_status": "",
            "acl": "private",
            "arn": "arn:aws:s3:::logs.staging.zemn.me",
            "bucket": "logs.staging.zemn.me",
            "bucket_domain_name": "logs.staging.zemn.me.s3.amazonaws.com",
            "bucket_prefix": null,
            "bucket_regional_domain_name": "logs.staging.zemn.me.s3.us-west-2.amazonaws.com",
            "cors_rule": [],
            "force_destroy": false,
            "grant": [],
            "hosted_zone_id": "Z3BJ6K6RIION7M",
            "id": "logs.staging.zemn.me",
            "lifecycle_rule": [],
            "logging": [],
            "object_lock_configuration": [],
            "policy": null,
            "region": "us-west-2",
            "replication_configuration": [],
            "request_payer": "BucketOwner",
            "server_side_encryption_configuration": [],
            "tags": {
              "AssociatedWith": "zemn.me",
              "Environment": "staging"
            },
            "tags_all": {
              "AssociatedWith": "zemn.me",
              "Environment": "staging"
            },
            "versioning": [
              {
                "enabled": false,
                "mfa_delete": false
              }
            ],
            "website": [],
            "website_domain": null,
            "website_endpoint": null
          },
          "sensitive_attributes": [],
          "private": "bnVsbA=="
        }
      ]
    },
    {
      "mode": "managed",
      "type": "aws_s3_bucket_object",
      "name": "staging-site",
      "provider": "provider[\"registry.terraform.io/hashicorp/aws\"]",
      "instances": [
        {
          "index_key": "404.html",
          "schema_version": 0,
          "attributes": {
            "acl": "private",
            "bucket": "staging.zemn.me",
            "bucket_key_enabled": false,
            "cache_control": "",
            "content": null,
            "content_base64": null,
            "content_disposition": "",
            "content_encoding": "",
            "content_language": "",
            "content_type": "binary/octet-stream",
            "etag": "ddf3ac1af265765c1e2dd6b96a71b9bf",
            "force_destroy": false,
            "id": "404.html",
            "key": "404.html",
            "kms_key_id": null,
            "metadata": {},
            "object_lock_legal_hold_status": "",
            "object_lock_mode": "",
            "object_lock_retain_until_date": "",
            "server_side_encryption": "",
            "source": "out/404.html",
            "storage_class": "STANDARD",
            "tags": {},
            "tags_all": {},
            "version_id": "",
            "website_redirect": ""
          },
          "sensitive_attributes": [],
          "private": "bnVsbA==",
          "dependencies": [
            "aws_s3_bucket.staging-bucket"
          ]
        },
        {
          "index_key": "_next/static/bb7ba94632e6dad5974644763c8797ab4f9c4263/_buildManifest.js",
          "schema_version": 0,
          "attributes": {
            "acl": "private",
            "bucket": "staging.zemn.me",
            "bucket_key_enabled": false,
            "cache_control": "",
            "content": null,
            "content_base64": null,
            "content_disposition": "",
            "content_encoding": "",
            "content_language": "",
            "content_type": "binary/octet-stream",
            "etag": "092b082e82d7ff049a0e9087868c6467",
            "force_destroy": false,
            "id": "_next/static/bb7ba94632e6dad5974644763c8797ab4f9c4263/_buildManifest.js",
            "key": "_next/static/bb7ba94632e6dad5974644763c8797ab4f9c4263/_buildManifest.js",
            "kms_key_id": null,
            "metadata": null,
            "object_lock_legal_hold_status": "",
            "object_lock_mode": "",
            "object_lock_retain_until_date": "",
            "server_side_encryption": "",
            "source": "out/_next/static/bb7ba94632e6dad5974644763c8797ab4f9c4263/_buildManifest.js",
            "storage_class": "STANDARD",
            "tags": null,
            "tags_all": {},
            "version_id": "",
            "website_redirect": ""
          },
          "sensitive_attributes": [],
          "private": "bnVsbA==",
          "dependencies": [
            "aws_s3_bucket.staging-bucket"
          ]
        },
        {
          "index_key": "_next/static/bb7ba94632e6dad5974644763c8797ab4f9c4263/_ssgManifest.js",
          "schema_version": 0,
          "attributes": {
            "acl": "private",
            "bucket": "staging.zemn.me",
            "bucket_key_enabled": false,
            "cache_control": "",
            "content": null,
            "content_base64": null,
            "content_disposition": "",
            "content_encoding": "",
            "content_language": "",
            "content_type": "binary/octet-stream",
            "etag": "abee47769bf307639ace4945f9cfd4ff",
            "force_destroy": false,
            "id": "_next/static/bb7ba94632e6dad5974644763c8797ab4f9c4263/_ssgManifest.js",
            "key": "_next/static/bb7ba94632e6dad5974644763c8797ab4f9c4263/_ssgManifest.js",
            "kms_key_id": null,
            "metadata": null,
            "object_lock_legal_hold_status": "",
            "object_lock_mode": "",
            "object_lock_retain_until_date": "",
            "server_side_encryption": "",
            "source": "out/_next/static/bb7ba94632e6dad5974644763c8797ab4f9c4263/_ssgManifest.js",
            "storage_class": "STANDARD",
            "tags": null,
            "tags_all": {},
            "version_id": "",
            "website_redirect": ""
          },
          "sensitive_attributes": [],
          "private": "bnVsbA==",
          "dependencies": [
            "aws_s3_bucket.staging-bucket"
          ]
        },
        {
          "index_key": "_next/static/chunks/0a301732.9c85a114d43279f4df65.js",
          "schema_version": 0,
          "attributes": {
            "acl": "private",
            "bucket": "staging.zemn.me",
            "bucket_key_enabled": false,
            "cache_control": "",
            "content": null,
            "content_base64": null,
            "content_disposition": "",
            "content_encoding": "",
            "content_language": "",
            "content_type": "binary/octet-stream",
            "etag": "a72352fc15bec5655fb715d7889e56a9",
            "force_destroy": false,
            "id": "_next/static/chunks/0a301732.9c85a114d43279f4df65.js",
            "key": "_next/static/chunks/0a301732.9c85a114d43279f4df65.js",
            "kms_key_id": null,
            "metadata": null,
            "object_lock_legal_hold_status": "",
            "object_lock_mode": "",
            "object_lock_retain_until_date": "",
            "server_side_encryption": "",
            "source": "out/_next/static/chunks/0a301732.9c85a114d43279f4df65.js",
            "storage_class": "STANDARD",
            "tags": null,
            "tags_all": {},
            "version_id": "",
            "website_redirect": ""
          },
          "sensitive_attributes": [],
          "private": "bnVsbA==",
          "dependencies": [
            "aws_s3_bucket.staging-bucket"
          ]
        },
        {
          "index_key": "_next/static/chunks/3ef630e34cd10ba68f9d468ac363ff81c534e1e9.09a36a5e8d9f7c73c728.js",
          "schema_version": 0,
          "attributes": {
            "acl": "private",
            "bucket": "staging.zemn.me",
            "bucket_key_enabled": false,
            "cache_control": "",
            "content": null,
            "content_base64": null,
            "content_disposition": "",
            "content_encoding": "",
            "content_language": "",
            "content_type": "binary/octet-stream",
            "etag": "d007505d190b55e023e2706060ba4838",
            "force_destroy": false,
            "id": "_next/static/chunks/3ef630e34cd10ba68f9d468ac363ff81c534e1e9.09a36a5e8d9f7c73c728.js",
            "key": "_next/static/chunks/3ef630e34cd10ba68f9d468ac363ff81c534e1e9.09a36a5e8d9f7c73c728.js",
            "kms_key_id": null,
            "metadata": null,
            "object_lock_legal_hold_status": "",
            "object_lock_mode": "",
            "object_lock_retain_until_date": "",
            "server_side_encryption": "",
            "source": "out/_next/static/chunks/3ef630e34cd10ba68f9d468ac363ff81c534e1e9.09a36a5e8d9f7c73c728.js",
            "storage_class": "STANDARD",
            "tags": null,
            "tags_all": {},
            "version_id": "",
            "website_redirect": ""
          },
          "sensitive_attributes": [],
          "private": "bnVsbA==",
          "dependencies": [
            "aws_s3_bucket.staging-bucket"
          ]
        },
        {
          "index_key": "_next/static/chunks/94b5b33692fc4d1b3972e18640923d81c933b5d5.52fd5ef7a8ab7d8fc0dd.js",
          "schema_version": 0,
          "attributes": {
            "acl": "private",
            "bucket": "staging.zemn.me",
            "bucket_key_enabled": false,
            "cache_control": "",
            "content": null,
            "content_base64": null,
            "content_disposition": "",
            "content_encoding": "",
            "content_language": "",
            "content_type": "binary/octet-stream",
            "etag": "c88a578cdb75558fb7a9e0570ac80a91",
            "force_destroy": false,
            "id": "_next/static/chunks/94b5b33692fc4d1b3972e18640923d81c933b5d5.52fd5ef7a8ab7d8fc0dd.js",
            "key": "_next/static/chunks/94b5b33692fc4d1b3972e18640923d81c933b5d5.52fd5ef7a8ab7d8fc0dd.js",
            "kms_key_id": null,
            "metadata": null,
            "object_lock_legal_hold_status": "",
            "object_lock_mode": "",
            "object_lock_retain_until_date": "",
            "server_side_encryption": "",
            "source": "out/_next/static/chunks/94b5b33692fc4d1b3972e18640923d81c933b5d5.52fd5ef7a8ab7d8fc0dd.js",
            "storage_class": "STANDARD",
            "tags": null,
            "tags_all": {},
            "version_id": "",
            "website_redirect": ""
          },
          "sensitive_attributes": [],
          "private": "bnVsbA==",
          "dependencies": [
            "aws_s3_bucket.staging-bucket"
          ]
        },
        {
          "index_key": "_next/static/chunks/framework.00ee03d2fb17bd3ca80e.js",
          "schema_version": 0,
          "attributes": {
            "acl": "private",
            "bucket": "staging.zemn.me",
            "bucket_key_enabled": false,
            "cache_control": "",
            "content": null,
            "content_base64": null,
            "content_disposition": "",
            "content_encoding": "",
            "content_language": "",
            "content_type": "binary/octet-stream",
            "etag": "147fd4ed91ff17d009aad0f0979796c9",
            "force_destroy": false,
            "id": "_next/static/chunks/framework.00ee03d2fb17bd3ca80e.js",
            "key": "_next/static/chunks/framework.00ee03d2fb17bd3ca80e.js",
            "kms_key_id": null,
            "metadata": null,
            "object_lock_legal_hold_status": "",
            "object_lock_mode": "",
            "object_lock_retain_until_date": "",
            "server_side_encryption": "",
            "source": "out/_next/static/chunks/framework.00ee03d2fb17bd3ca80e.js",
            "storage_class": "STANDARD",
            "tags": null,
            "tags_all": {},
            "version_id": "",
            "website_redirect": ""
          },
          "sensitive_attributes": [],
          "private": "bnVsbA==",
          "dependencies": [
            "aws_s3_bucket.staging-bucket"
          ]
        },
        {
          "index_key": "_next/static/chunks/main-f54ab13b9eee8683084e.js",
          "schema_version": 0,
          "attributes": {
            "acl": "private",
            "bucket": "staging.zemn.me",
            "bucket_key_enabled": false,
            "cache_control": "",
            "content": null,
            "content_base64": null,
            "content_disposition": "",
            "content_encoding": "",
            "content_language": "",
            "content_type": "binary/octet-stream",
            "etag": "a3a4906bb4f88250748f42a573f657f2",
            "force_destroy": false,
            "id": "_next/static/chunks/main-f54ab13b9eee8683084e.js",
            "key": "_next/static/chunks/main-f54ab13b9eee8683084e.js",
            "kms_key_id": null,
            "metadata": null,
            "object_lock_legal_hold_status": "",
            "object_lock_mode": "",
            "object_lock_retain_until_date": "",
            "server_side_encryption": "",
            "source": "out/_next/static/chunks/main-f54ab13b9eee8683084e.js",
            "storage_class": "STANDARD",
            "tags": null,
            "tags_all": {},
            "version_id": "",
            "website_redirect": ""
          },
          "sensitive_attributes": [],
          "private": "bnVsbA==",
          "dependencies": [
            "aws_s3_bucket.staging-bucket"
          ]
        },
        {
          "index_key": "_next/static/chunks/pages/_app-7c9e8f4adae98ffeae97.js",
          "schema_version": 0,
          "attributes": {
            "acl": "private",
            "bucket": "staging.zemn.me",
            "bucket_key_enabled": false,
            "cache_control": "",
            "content": null,
            "content_base64": null,
            "content_disposition": "",
            "content_encoding": "",
            "content_language": "",
            "content_type": "binary/octet-stream",
            "etag": "2f78269f440d871d0a06f6024615386e",
            "force_destroy": false,
            "id": "_next/static/chunks/pages/_app-7c9e8f4adae98ffeae97.js",
            "key": "_next/static/chunks/pages/_app-7c9e8f4adae98ffeae97.js",
            "kms_key_id": null,
            "metadata": null,
            "object_lock_legal_hold_status": "",
            "object_lock_mode": "",
            "object_lock_retain_until_date": "",
            "server_side_encryption": "",
            "source": "out/_next/static/chunks/pages/_app-7c9e8f4adae98ffeae97.js",
            "storage_class": "STANDARD",
            "tags": null,
            "tags_all": {},
            "version_id": "",
            "website_redirect": ""
          },
          "sensitive_attributes": [],
          "private": "bnVsbA==",
          "dependencies": [
            "aws_s3_bucket.staging-bucket"
          ]
        },
        {
          "index_key": "_next/static/chunks/pages/_error-7e43b10801fe75d5aca7.js",
          "schema_version": 0,
          "attributes": {
            "acl": "private",
            "bucket": "staging.zemn.me",
            "bucket_key_enabled": false,
            "cache_control": "",
            "content": null,
            "content_base64": null,
            "content_disposition": "",
            "content_encoding": "",
            "content_language": "",
            "content_type": "binary/octet-stream",
            "etag": "a61f06acd017e056a57032615ed681f0",
            "force_destroy": false,
            "id": "_next/static/chunks/pages/_error-7e43b10801fe75d5aca7.js",
            "key": "_next/static/chunks/pages/_error-7e43b10801fe75d5aca7.js",
            "kms_key_id": null,
            "metadata": null,
            "object_lock_legal_hold_status": "",
            "object_lock_mode": "",
            "object_lock_retain_until_date": "",
            "server_side_encryption": "",
            "source": "out/_next/static/chunks/pages/_error-7e43b10801fe75d5aca7.js",
            "storage_class": "STANDARD",
            "tags": null,
            "tags_all": {},
            "version_id": "",
            "website_redirect": ""
          },
          "sensitive_attributes": [],
          "private": "bnVsbA==",
          "dependencies": [
            "aws_s3_bucket.staging-bucket"
          ]
        },
        {
          "index_key": "_next/static/chunks/pages/article/2014/csp-d062ccc0d65f910c683e.js",
          "schema_version": 0,
          "attributes": {
            "acl": "private",
            "bucket": "staging.zemn.me",
            "bucket_key_enabled": false,
            "cache_control": "",
            "content": null,
            "content_base64": null,
            "content_disposition": "",
            "content_encoding": "",
            "content_language": "",
            "content_type": "binary/octet-stream",
            "etag": "9b38d2a25c2de2783f998acbaae8fc44",
            "force_destroy": false,
            "id": "_next/static/chunks/pages/article/2014/csp-d062ccc0d65f910c683e.js",
            "key": "_next/static/chunks/pages/article/2014/csp-d062ccc0d65f910c683e.js",
            "kms_key_id": null,
            "metadata": null,
            "object_lock_legal_hold_status": "",
            "object_lock_mode": "",
            "object_lock_retain_until_date": "",
            "server_side_encryption": "",
            "source": "out/_next/static/chunks/pages/article/2014/csp-d062ccc0d65f910c683e.js",
            "storage_class": "STANDARD",
            "tags": null,
            "tags_all": {},
            "version_id": "",
            "website_redirect": ""
          },
          "sensitive_attributes": [],
          "private": "bnVsbA==",
          "dependencies": [
            "aws_s3_bucket.staging-bucket"
          ]
        },
        {
          "index_key": "_next/static/chunks/pages/article/2016/vault_tec-6102c92d73bf430222d7.js",
          "schema_version": 0,
          "attributes": {
            "acl": "private",
            "bucket": "staging.zemn.me",
            "bucket_key_enabled": false,
            "cache_control": "",
            "content": null,
            "content_base64": null,
            "content_disposition": "",
            "content_encoding": "",
            "content_language": "",
            "content_type": "binary/octet-stream",
            "etag": "07279d61c08bc29e8a6a2d8c1b6a5388",
            "force_destroy": false,
            "id": "_next/static/chunks/pages/article/2016/vault_tec-6102c92d73bf430222d7.js",
            "key": "_next/static/chunks/pages/article/2016/vault_tec-6102c92d73bf430222d7.js",
            "kms_key_id": null,
            "metadata": null,
            "object_lock_legal_hold_status": "",
            "object_lock_mode": "",
            "object_lock_retain_until_date": "",
            "server_side_encryption": "",
            "source": "out/_next/static/chunks/pages/article/2016/vault_tec-6102c92d73bf430222d7.js",
            "storage_class": "STANDARD",
            "tags": null,
            "tags_all": {},
            "version_id": "",
            "website_redirect": ""
          },
          "sensitive_attributes": [],
          "private": "bnVsbA==",
          "dependencies": [
            "aws_s3_bucket.staging-bucket"
          ]
        },
        {
          "index_key": "_next/static/chunks/pages/article/2017/design-bbf45b7a95888a9d3346.js",
          "schema_version": 0,
          "attributes": {
            "acl": "private",
            "bucket": "staging.zemn.me",
            "bucket_key_enabled": false,
            "cache_control": "",
            "content": null,
            "content_base64": null,
            "content_disposition": "",
            "content_encoding": "",
            "content_language": "",
            "content_type": "binary/octet-stream",
            "etag": "969f3428c7d19c0dc78f1aacd4afd502",
            "force_destroy": false,
            "id": "_next/static/chunks/pages/article/2017/design-bbf45b7a95888a9d3346.js",
            "key": "_next/static/chunks/pages/article/2017/design-bbf45b7a95888a9d3346.js",
            "kms_key_id": null,
            "metadata": null,
            "object_lock_legal_hold_status": "",
            "object_lock_mode": "",
            "object_lock_retain_until_date": "",
            "server_side_encryption": "",
            "source": "out/_next/static/chunks/pages/article/2017/design-bbf45b7a95888a9d3346.js",
            "storage_class": "STANDARD",
            "tags": null,
            "tags_all": {},
            "version_id": "",
            "website_redirect": ""
          },
          "sensitive_attributes": [],
          "private": "bnVsbA==",
          "dependencies": [
            "aws_s3_bucket.staging-bucket"
          ]
        },
        {
          "index_key": "_next/static/chunks/pages/article/2018/spotify-355829a797ad7e7080e1.js",
          "schema_version": 0,
          "attributes": {
            "acl": "private",
            "bucket": "staging.zemn.me",
            "bucket_key_enabled": false,
            "cache_control": "",
            "content": null,
            "content_base64": null,
            "content_disposition": "",
            "content_encoding": "",
            "content_language": "",
            "content_type": "binary/octet-stream",
            "etag": "8d1e1d83c82ff5b5002bc088fbbcef28",
            "force_destroy": false,
            "id": "_next/static/chunks/pages/article/2018/spotify-355829a797ad7e7080e1.js",
            "key": "_next/static/chunks/pages/article/2018/spotify-355829a797ad7e7080e1.js",
            "kms_key_id": null,
            "metadata": null,
            "object_lock_legal_hold_status": "",
            "object_lock_mode": "",
            "object_lock_retain_until_date": "",
            "server_side_encryption": "",
            "source": "out/_next/static/chunks/pages/article/2018/spotify-355829a797ad7e7080e1.js",
            "storage_class": "STANDARD",
            "tags": null,
            "tags_all": {},
            "version_id": "",
            "website_redirect": ""
          },
          "sensitive_attributes": [],
          "private": "bnVsbA==",
          "dependencies": [
            "aws_s3_bucket.staging-bucket"
          ]
        },
        {
          "index_key": "_next/static/chunks/pages/article/2019/cors-6cd30c74e61d341e2e4e.js",
          "schema_version": 0,
          "attributes": {
            "acl": "private",
            "bucket": "staging.zemn.me",
            "bucket_key_enabled": false,
            "cache_control": "",
            "content": null,
            "content_base64": null,
            "content_disposition": "",
            "content_encoding": "",
            "content_language": "",
            "content_type": "binary/octet-stream",
            "etag": "c849c6ede69c7678a10a7dce28e59124",
            "force_destroy": false,
            "id": "_next/static/chunks/pages/article/2019/cors-6cd30c74e61d341e2e4e.js",
            "key": "_next/static/chunks/pages/article/2019/cors-6cd30c74e61d341e2e4e.js",
            "kms_key_id": null,
            "metadata": null,
            "object_lock_legal_hold_status": "",
            "object_lock_mode": "",
            "object_lock_retain_until_date": "",
            "server_side_encryption": "",
            "source": "out/_next/static/chunks/pages/article/2019/cors-6cd30c74e61d341e2e4e.js",
            "storage_class": "STANDARD",
            "tags": null,
            "tags_all": {},
            "version_id": "",
            "website_redirect": ""
          },
          "sensitive_attributes": [],
          "private": "bnVsbA==",
          "dependencies": [
            "aws_s3_bucket.staging-bucket"
          ]
        },
        {
          "index_key": "_next/static/chunks/pages/article/2020/javascript_rendering-5ebcd00ebc293b497114.js",
          "schema_version": 0,
          "attributes": {
            "acl": "private",
            "bucket": "staging.zemn.me",
            "bucket_key_enabled": false,
            "cache_control": "",
            "content": null,
            "content_base64": null,
            "content_disposition": "",
            "content_encoding": "",
            "content_language": "",
            "content_type": "binary/octet-stream",
            "etag": "7d0caa575a336784011cf6c455928835",
            "force_destroy": false,
            "id": "_next/static/chunks/pages/article/2020/javascript_rendering-5ebcd00ebc293b497114.js",
            "key": "_next/static/chunks/pages/article/2020/javascript_rendering-5ebcd00ebc293b497114.js",
            "kms_key_id": null,
            "metadata": null,
            "object_lock_legal_hold_status": "",
            "object_lock_mode": "",
            "object_lock_retain_until_date": "",
            "server_side_encryption": "",
            "source": "out/_next/static/chunks/pages/article/2020/javascript_rendering-5ebcd00ebc293b497114.js",
            "storage_class": "STANDARD",
            "tags": null,
            "tags_all": {},
            "version_id": "",
            "website_redirect": ""
          },
          "sensitive_attributes": [],
          "private": "bnVsbA==",
          "dependencies": [
            "aws_s3_bucket.staging-bucket"
          ]
        },
        {
          "index_key": "_next/static/chunks/pages/article/2020/psychiatry-fc558b7fa94ca45266f2.js",
          "schema_version": 0,
          "attributes": {
            "acl": "private",
            "bucket": "staging.zemn.me",
            "bucket_key_enabled": false,
            "cache_control": "",
            "content": null,
            "content_base64": null,
            "content_disposition": "",
            "content_encoding": "",
            "content_language": "",
            "content_type": "binary/octet-stream",
            "etag": "94e74d8c92deecb2791988167bc88b1a",
            "force_destroy": false,
            "id": "_next/static/chunks/pages/article/2020/psychiatry-fc558b7fa94ca45266f2.js",
            "key": "_next/static/chunks/pages/article/2020/psychiatry-fc558b7fa94ca45266f2.js",
            "kms_key_id": null,
            "metadata": null,
            "object_lock_legal_hold_status": "",
            "object_lock_mode": "",
            "object_lock_retain_until_date": "",
            "server_side_encryption": "",
            "source": "out/_next/static/chunks/pages/article/2020/psychiatry-fc558b7fa94ca45266f2.js",
            "storage_class": "STANDARD",
            "tags": null,
            "tags_all": {},
            "version_id": "",
            "website_redirect": ""
          },
          "sensitive_attributes": [],
          "private": "bnVsbA==",
          "dependencies": [
            "aws_s3_bucket.staging-bucket"
          ]
        },
        {
          "index_key": "_next/static/chunks/pages/article/2020/respawn-189f965c4b4651af590a.js",
          "schema_version": 0,
          "attributes": {
            "acl": "private",
            "bucket": "staging.zemn.me",
            "bucket_key_enabled": false,
            "cache_control": "",
            "content": null,
            "content_base64": null,
            "content_disposition": "",
            "content_encoding": "",
            "content_language": "",
            "content_type": "binary/octet-stream",
            "etag": "b6b2c5f952eeba4f29da245a27ddb606",
            "force_destroy": false,
            "id": "_next/static/chunks/pages/article/2020/respawn-189f965c4b4651af590a.js",
            "key": "_next/static/chunks/pages/article/2020/respawn-189f965c4b4651af590a.js",
            "kms_key_id": null,
            "metadata": null,
            "object_lock_legal_hold_status": "",
            "object_lock_mode": "",
            "object_lock_retain_until_date": "",
            "server_side_encryption": "",
            "source": "out/_next/static/chunks/pages/article/2020/respawn-189f965c4b4651af590a.js",
            "storage_class": "STANDARD",
            "tags": null,
            "tags_all": {},
            "version_id": "",
            "website_redirect": ""
          },
          "sensitive_attributes": [],
          "private": "bnVsbA==",
          "dependencies": [
            "aws_s3_bucket.staging-bucket"
          ]
        },
        {
          "index_key": "_next/static/chunks/pages/article/2020/security-17f70e95c1028a500d1d.js",
          "schema_version": 0,
          "attributes": {
            "acl": "private",
            "bucket": "staging.zemn.me",
            "bucket_key_enabled": false,
            "cache_control": "",
            "content": null,
            "content_base64": null,
            "content_disposition": "",
            "content_encoding": "",
            "content_language": "",
            "content_type": "binary/octet-stream",
            "etag": "61d9f72619f1b6757f82501a56bdfed0",
            "force_destroy": false,
            "id": "_next/static/chunks/pages/article/2020/security-17f70e95c1028a500d1d.js",
            "key": "_next/static/chunks/pages/article/2020/security-17f70e95c1028a500d1d.js",
            "kms_key_id": null,
            "metadata": null,
            "object_lock_legal_hold_status": "",
            "object_lock_mode": "",
            "object_lock_retain_until_date": "",
            "server_side_encryption": "",
            "source": "out/_next/static/chunks/pages/article/2020/security-17f70e95c1028a500d1d.js",
            "storage_class": "STANDARD",
            "tags": null,
            "tags_all": {},
            "version_id": "",
            "website_redirect": ""
          },
          "sensitive_attributes": [],
          "private": "bnVsbA==",
          "dependencies": [
            "aws_s3_bucket.staging-bucket"
          ]
        },
        {
          "index_key": "_next/static/chunks/pages/article/2020/upper-a319f9cac73111c536c2.js",
          "schema_version": 0,
          "attributes": {
            "acl": "private",
            "bucket": "staging.zemn.me",
            "bucket_key_enabled": false,
            "cache_control": "",
            "content": null,
            "content_base64": null,
            "content_disposition": "",
            "content_encoding": "",
            "content_language": "",
            "content_type": "binary/octet-stream",
            "etag": "e7c62a51bbc412c86c09e2ff02e76bfd",
            "force_destroy": false,
            "id": "_next/static/chunks/pages/article/2020/upper-a319f9cac73111c536c2.js",
            "key": "_next/static/chunks/pages/article/2020/upper-a319f9cac73111c536c2.js",
            "kms_key_id": null,
            "metadata": null,
            "object_lock_legal_hold_status": "",
            "object_lock_mode": "",
            "object_lock_retain_until_date": "",
            "server_side_encryption": "",
            "source": "out/_next/static/chunks/pages/article/2020/upper-a319f9cac73111c536c2.js",
            "storage_class": "STANDARD",
            "tags": null,
            "tags_all": {},
            "version_id": "",
            "website_redirect": ""
          },
          "sensitive_attributes": [],
          "private": "bnVsbA==",
          "dependencies": [
            "aws_s3_bucket.staging-bucket"
          ]
        },
        {
          "index_key": "_next/static/chunks/pages/article/2021/pizza-ac393afc759d649c75cf.js",
          "schema_version": 0,
          "attributes": {
            "acl": "private",
            "bucket": "staging.zemn.me",
            "bucket_key_enabled": false,
            "cache_control": "",
            "content": null,
            "content_base64": null,
            "content_disposition": "",
            "content_encoding": "",
            "content_language": "",
            "content_type": "binary/octet-stream",
            "etag": "698de790628941a81272b4af365ab432",
            "force_destroy": false,
            "id": "_next/static/chunks/pages/article/2021/pizza-ac393afc759d649c75cf.js",
            "key": "_next/static/chunks/pages/article/2021/pizza-ac393afc759d649c75cf.js",
            "kms_key_id": null,
            "metadata": null,
            "object_lock_legal_hold_status": "",
            "object_lock_mode": "",
            "object_lock_retain_until_date": "",
            "server_side_encryption": "",
            "source": "out/_next/static/chunks/pages/article/2021/pizza-ac393afc759d649c75cf.js",
            "storage_class": "STANDARD",
            "tags": null,
            "tags_all": {},
            "version_id": "",
            "website_redirect": ""
          },
          "sensitive_attributes": [],
          "private": "bnVsbA==",
          "dependencies": [
            "aws_s3_bucket.staging-bucket"
          ]
        },
        {
          "index_key": "_next/static/chunks/pages/article/2021/trad-c23535eb79a95497518a.js",
          "schema_version": 0,
          "attributes": {
            "acl": "private",
            "bucket": "staging.zemn.me",
            "bucket_key_enabled": false,
            "cache_control": "",
            "content": null,
            "content_base64": null,
            "content_disposition": "",
            "content_encoding": "",
            "content_language": "",
            "content_type": "binary/octet-stream",
            "etag": "ea7fd77430e16a315095f61daf4d5c10",
            "force_destroy": false,
            "id": "_next/static/chunks/pages/article/2021/trad-c23535eb79a95497518a.js",
            "key": "_next/static/chunks/pages/article/2021/trad-c23535eb79a95497518a.js",
            "kms_key_id": null,
            "metadata": null,
            "object_lock_legal_hold_status": "",
            "object_lock_mode": "",
            "object_lock_retain_until_date": "",
            "server_side_encryption": "",
            "source": "out/_next/static/chunks/pages/article/2021/trad-c23535eb79a95497518a.js",
            "storage_class": "STANDARD",
            "tags": null,
            "tags_all": {},
            "version_id": "",
            "website_redirect": ""
          },
          "sensitive_attributes": [],
          "private": "bnVsbA==",
          "dependencies": [
            "aws_s3_bucket.staging-bucket"
          ]
        },
        {
          "index_key": "_next/static/chunks/pages/article/test-9d44cc5690d3db755d73.js",
          "schema_version": 0,
          "attributes": {
            "acl": "private",
            "bucket": "staging.zemn.me",
            "bucket_key_enabled": false,
            "cache_control": "",
            "content": null,
            "content_base64": null,
            "content_disposition": "",
            "content_encoding": "",
            "content_language": "",
            "content_type": "binary/octet-stream",
            "etag": "53ef1af0f75afda4fdf6d108bb0b1205",
            "force_destroy": false,
            "id": "_next/static/chunks/pages/article/test-9d44cc5690d3db755d73.js",
            "key": "_next/static/chunks/pages/article/test-9d44cc5690d3db755d73.js",
            "kms_key_id": null,
            "metadata": null,
            "object_lock_legal_hold_status": "",
            "object_lock_mode": "",
            "object_lock_retain_until_date": "",
            "server_side_encryption": "",
            "source": "out/_next/static/chunks/pages/article/test-9d44cc5690d3db755d73.js",
            "storage_class": "STANDARD",
            "tags": null,
            "tags_all": {},
            "version_id": "",
            "website_redirect": ""
          },
          "sensitive_attributes": [],
          "private": "bnVsbA==",
          "dependencies": [
            "aws_s3_bucket.staging-bucket"
          ]
        },
        {
          "index_key": "_next/static/chunks/pages/article/test/abc-932aa76fff574e6b5668.js",
          "schema_version": 0,
          "attributes": {
            "acl": "private",
            "bucket": "staging.zemn.me",
            "bucket_key_enabled": false,
            "cache_control": "",
            "content": null,
            "content_base64": null,
            "content_disposition": "",
            "content_encoding": "",
            "content_language": "",
            "content_type": "binary/octet-stream",
            "etag": "c71378be0a203b4d3ad6f82169648e2c",
            "force_destroy": false,
            "id": "_next/static/chunks/pages/article/test/abc-932aa76fff574e6b5668.js",
            "key": "_next/static/chunks/pages/article/test/abc-932aa76fff574e6b5668.js",
            "kms_key_id": null,
            "metadata": null,
            "object_lock_legal_hold_status": "",
            "object_lock_mode": "",
            "object_lock_retain_until_date": "",
            "server_side_encryption": "",
            "source": "out/_next/static/chunks/pages/article/test/abc-932aa76fff574e6b5668.js",
            "storage_class": "STANDARD",
            "tags": null,
            "tags_all": {},
            "version_id": "",
            "website_redirect": ""
          },
          "sensitive_attributes": [],
          "private": "bnVsbA==",
          "dependencies": [
            "aws_s3_bucket.staging-bucket"
          ]
        },
        {
          "index_key": "_next/static/chunks/pages/article/test/basic-2ea373ec96e3e5787b6d.js",
          "schema_version": 0,
          "attributes": {
            "acl": "private",
            "bucket": "staging.zemn.me",
            "bucket_key_enabled": false,
            "cache_control": "",
            "content": null,
            "content_base64": null,
            "content_disposition": "",
            "content_encoding": "",
            "content_language": "",
            "content_type": "binary/octet-stream",
            "etag": "aecbc9bc17448d4fa436be754d6a9b82",
            "force_destroy": false,
            "id": "_next/static/chunks/pages/article/test/basic-2ea373ec96e3e5787b6d.js",
            "key": "_next/static/chunks/pages/article/test/basic-2ea373ec96e3e5787b6d.js",
            "kms_key_id": null,
            "metadata": null,
            "object_lock_legal_hold_status": "",
            "object_lock_mode": "",
            "object_lock_retain_until_date": "",
            "server_side_encryption": "",
            "source": "out/_next/static/chunks/pages/article/test/basic-2ea373ec96e3e5787b6d.js",
            "storage_class": "STANDARD",
            "tags": null,
            "tags_all": {},
            "version_id": "",
            "website_redirect": ""
          },
          "sensitive_attributes": [],
          "private": "bnVsbA==",
          "dependencies": [
            "aws_s3_bucket.staging-bucket"
          ]
        },
        {
          "index_key": "_next/static/chunks/pages/article/test/transition-7d16d26bd723acb16001.js",
          "schema_version": 0,
          "attributes": {
            "acl": "private",
            "bucket": "staging.zemn.me",
            "bucket_key_enabled": false,
            "cache_control": "",
            "content": null,
            "content_base64": null,
            "content_disposition": "",
            "content_encoding": "",
            "content_language": "",
            "content_type": "binary/octet-stream",
            "etag": "86cfac0748ef1ee63b2d1bb2f0e48ab4",
            "force_destroy": false,
            "id": "_next/static/chunks/pages/article/test/transition-7d16d26bd723acb16001.js",
            "key": "_next/static/chunks/pages/article/test/transition-7d16d26bd723acb16001.js",
            "kms_key_id": null,
            "metadata": null,
            "object_lock_legal_hold_status": "",
            "object_lock_mode": "",
            "object_lock_retain_until_date": "",
            "server_side_encryption": "",
            "source": "out/_next/static/chunks/pages/article/test/transition-7d16d26bd723acb16001.js",
            "storage_class": "STANDARD",
            "tags": null,
            "tags_all": {},
            "version_id": "",
            "website_redirect": ""
          },
          "sensitive_attributes": [],
          "private": "bnVsbA==",
          "dependencies": [
            "aws_s3_bucket.staging-bucket"
          ]
        },
        {
          "index_key": "_next/static/chunks/pages/article/treeList-777d43a5e5ad867de12d.js",
          "schema_version": 0,
          "attributes": {
            "acl": "private",
            "bucket": "staging.zemn.me",
            "bucket_key_enabled": false,
            "cache_control": "",
            "content": null,
            "content_base64": null,
            "content_disposition": "",
            "content_encoding": "",
            "content_language": "",
            "content_type": "binary/octet-stream",
            "etag": "41e69336008b3cfe39677e560274ed15",
            "force_destroy": false,
            "id": "_next/static/chunks/pages/article/treeList-777d43a5e5ad867de12d.js",
            "key": "_next/static/chunks/pages/article/treeList-777d43a5e5ad867de12d.js",
            "kms_key_id": null,
            "metadata": null,
            "object_lock_legal_hold_status": "",
            "object_lock_mode": "",
            "object_lock_retain_until_date": "",
            "server_side_encryption": "",
            "source": "out/_next/static/chunks/pages/article/treeList-777d43a5e5ad867de12d.js",
            "storage_class": "STANDARD",
            "tags": null,
            "tags_all": {},
            "version_id": "",
            "website_redirect": ""
          },
          "sensitive_attributes": [],
          "private": "bnVsbA==",
          "dependencies": [
            "aws_s3_bucket.staging-bucket"
          ]
        },
        {
          "index_key": "_next/static/chunks/pages/index-1a73e3fed6dc6647e103.js",
          "schema_version": 0,
          "attributes": {
            "acl": "private",
            "bucket": "staging.zemn.me",
            "bucket_key_enabled": false,
            "cache_control": "",
            "content": null,
            "content_base64": null,
            "content_disposition": "",
            "content_encoding": "",
            "content_language": "",
            "content_type": "binary/octet-stream",
            "etag": "0e9ab611b4e5ae1c3b7009c101b8f1af",
            "force_destroy": false,
            "id": "_next/static/chunks/pages/index-1a73e3fed6dc6647e103.js",
            "key": "_next/static/chunks/pages/index-1a73e3fed6dc6647e103.js",
            "kms_key_id": null,
            "metadata": null,
            "object_lock_legal_hold_status": "",
            "object_lock_mode": "",
            "object_lock_retain_until_date": "",
            "server_side_encryption": "",
            "source": "out/_next/static/chunks/pages/index-1a73e3fed6dc6647e103.js",
            "storage_class": "STANDARD",
            "tags": null,
            "tags_all": {},
            "version_id": "",
            "website_redirect": ""
          },
          "sensitive_attributes": [],
          "private": "bnVsbA==",
          "dependencies": [
            "aws_s3_bucket.staging-bucket"
          ]
        },
        {
          "index_key": "_next/static/chunks/pages/rendertest-6a93ad3dad8ad810847c.js",
          "schema_version": 0,
          "attributes": {
            "acl": "private",
            "bucket": "staging.zemn.me",
            "bucket_key_enabled": false,
            "cache_control": "",
            "content": null,
            "content_base64": null,
            "content_disposition": "",
            "content_encoding": "",
            "content_language": "",
            "content_type": "binary/octet-stream",
            "etag": "c937622b74447f8030819ed3705ceafc",
            "force_destroy": false,
            "id": "_next/static/chunks/pages/rendertest-6a93ad3dad8ad810847c.js",
            "key": "_next/static/chunks/pages/rendertest-6a93ad3dad8ad810847c.js",
            "kms_key_id": null,
            "metadata": null,
            "object_lock_legal_hold_status": "",
            "object_lock_mode": "",
            "object_lock_retain_until_date": "",
            "server_side_encryption": "",
            "source": "out/_next/static/chunks/pages/rendertest-6a93ad3dad8ad810847c.js",
            "storage_class": "STANDARD",
            "tags": null,
            "tags_all": {},
            "version_id": "",
            "website_redirect": ""
          },
          "sensitive_attributes": [],
          "private": "bnVsbA==",
          "dependencies": [
            "aws_s3_bucket.staging-bucket"
          ]
        },
        {
          "index_key": "_next/static/chunks/polyfills-22a443a060d4234557c2.js",
          "schema_version": 0,
          "attributes": {
            "acl": "private",
            "bucket": "staging.zemn.me",
            "bucket_key_enabled": false,
            "cache_control": "",
            "content": null,
            "content_base64": null,
            "content_disposition": "",
            "content_encoding": "",
            "content_language": "",
            "content_type": "binary/octet-stream",
            "etag": "3605444d79c2c96c12b22bb45c3dfadd",
            "force_destroy": false,
            "id": "_next/static/chunks/polyfills-22a443a060d4234557c2.js",
            "key": "_next/static/chunks/polyfills-22a443a060d4234557c2.js",
            "kms_key_id": null,
            "metadata": null,
            "object_lock_legal_hold_status": "",
            "object_lock_mode": "",
            "object_lock_retain_until_date": "",
            "server_side_encryption": "",
            "source": "out/_next/static/chunks/polyfills-22a443a060d4234557c2.js",
            "storage_class": "STANDARD",
            "tags": null,
            "tags_all": {},
            "version_id": "",
            "website_redirect": ""
          },
          "sensitive_attributes": [],
          "private": "bnVsbA==",
          "dependencies": [
            "aws_s3_bucket.staging-bucket"
          ]
        },
        {
          "index_key": "_next/static/chunks/webpack-50bee04d1dc61f8adf5b.js",
          "schema_version": 0,
          "attributes": {
            "acl": "private",
            "bucket": "staging.zemn.me",
            "bucket_key_enabled": false,
            "cache_control": "",
            "content": null,
            "content_base64": null,
            "content_disposition": "",
            "content_encoding": "",
            "content_language": "",
            "content_type": "binary/octet-stream",
            "etag": "8c19f623e8389f11131a054a7e17ff95",
            "force_destroy": false,
            "id": "_next/static/chunks/webpack-50bee04d1dc61f8adf5b.js",
            "key": "_next/static/chunks/webpack-50bee04d1dc61f8adf5b.js",
            "kms_key_id": null,
            "metadata": null,
            "object_lock_legal_hold_status": "",
            "object_lock_mode": "",
            "object_lock_retain_until_date": "",
            "server_side_encryption": "",
            "source": "out/_next/static/chunks/webpack-50bee04d1dc61f8adf5b.js",
            "storage_class": "STANDARD",
            "tags": null,
            "tags_all": {},
            "version_id": "",
            "website_redirect": ""
          },
          "sensitive_attributes": [],
          "private": "bnVsbA==",
          "dependencies": [
            "aws_s3_bucket.staging-bucket"
          ]
        },
        {
          "index_key": "_next/static/css/3da495ce3cae468bc8a2.css",
          "schema_version": 0,
          "attributes": {
            "acl": "private",
            "bucket": "staging.zemn.me",
            "bucket_key_enabled": false,
            "cache_control": "",
            "content": null,
            "content_base64": null,
            "content_disposition": "",
            "content_encoding": "",
            "content_language": "",
            "content_type": "binary/octet-stream",
            "etag": "bbd346483f82f5102ea62db9503ae146",
            "force_destroy": false,
            "id": "_next/static/css/3da495ce3cae468bc8a2.css",
            "key": "_next/static/css/3da495ce3cae468bc8a2.css",
            "kms_key_id": null,
            "metadata": null,
            "object_lock_legal_hold_status": "",
            "object_lock_mode": "",
            "object_lock_retain_until_date": "",
            "server_side_encryption": "",
            "source": "out/_next/static/css/3da495ce3cae468bc8a2.css",
            "storage_class": "STANDARD",
            "tags": null,
            "tags_all": {},
            "version_id": "",
            "website_redirect": ""
          },
          "sensitive_attributes": [],
          "private": "bnVsbA==",
          "dependencies": [
            "aws_s3_bucket.staging-bucket"
          ]
        },
        {
          "index_key": "_next/static/css/5429252455e18abebf42.css",
          "schema_version": 0,
          "attributes": {
            "acl": "private",
            "bucket": "staging.zemn.me",
            "bucket_key_enabled": false,
            "cache_control": "",
            "content": null,
            "content_base64": null,
            "content_disposition": "",
            "content_encoding": "",
            "content_language": "",
            "content_type": "binary/octet-stream",
            "etag": "fbaa9c8eb61a3a6d5b24bdc85394992f",
            "force_destroy": false,
            "id": "_next/static/css/5429252455e18abebf42.css",
            "key": "_next/static/css/5429252455e18abebf42.css",
            "kms_key_id": null,
            "metadata": null,
            "object_lock_legal_hold_status": "",
            "object_lock_mode": "",
            "object_lock_retain_until_date": "",
            "server_side_encryption": "",
            "source": "out/_next/static/css/5429252455e18abebf42.css",
            "storage_class": "STANDARD",
            "tags": null,
            "tags_all": {},
            "version_id": "",
            "website_redirect": ""
          },
          "sensitive_attributes": [],
          "private": "bnVsbA==",
          "dependencies": [
            "aws_s3_bucket.staging-bucket"
          ]
        },
        {
          "index_key": "_next/static/css/8e8b913efd35d3ddf928.css",
          "schema_version": 0,
          "attributes": {
            "acl": "private",
            "bucket": "staging.zemn.me",
            "bucket_key_enabled": false,
            "cache_control": "",
            "content": null,
            "content_base64": null,
            "content_disposition": "",
            "content_encoding": "",
            "content_language": "",
            "content_type": "binary/octet-stream",
            "etag": "4d6871668060b36090419ee4d4ebf832",
            "force_destroy": false,
            "id": "_next/static/css/8e8b913efd35d3ddf928.css",
            "key": "_next/static/css/8e8b913efd35d3ddf928.css",
            "kms_key_id": null,
            "metadata": null,
            "object_lock_legal_hold_status": "",
            "object_lock_mode": "",
            "object_lock_retain_until_date": "",
            "server_side_encryption": "",
            "source": "out/_next/static/css/8e8b913efd35d3ddf928.css",
            "storage_class": "STANDARD",
            "tags": null,
            "tags_all": {},
            "version_id": "",
            "website_redirect": ""
          },
          "sensitive_attributes": [],
          "private": "bnVsbA==",
          "dependencies": [
            "aws_s3_bucket.staging-bucket"
          ]
        },
        {
          "index_key": "_next/static/media/EBGaramond-Bold.ab3ca9721164d09c4431d115aa47bee8.ttf",
          "schema_version": 0,
          "attributes": {
            "acl": "private",
            "bucket": "staging.zemn.me",
            "bucket_key_enabled": false,
            "cache_control": "",
            "content": null,
            "content_base64": null,
            "content_disposition": "",
            "content_encoding": "",
            "content_language": "",
            "content_type": "binary/octet-stream",
            "etag": "e0ac177f59d2d1a46319fa2c86eef7d7",
            "force_destroy": false,
            "id": "_next/static/media/EBGaramond-Bold.ab3ca9721164d09c4431d115aa47bee8.ttf",
            "key": "_next/static/media/EBGaramond-Bold.ab3ca9721164d09c4431d115aa47bee8.ttf",
            "kms_key_id": null,
            "metadata": null,
            "object_lock_legal_hold_status": "",
            "object_lock_mode": "",
            "object_lock_retain_until_date": "",
            "server_side_encryption": "",
            "source": "out/_next/static/media/EBGaramond-Bold.ab3ca9721164d09c4431d115aa47bee8.ttf",
            "storage_class": "STANDARD",
            "tags": null,
            "tags_all": {},
            "version_id": "",
            "website_redirect": ""
          },
          "sensitive_attributes": [],
          "private": "bnVsbA==",
          "dependencies": [
            "aws_s3_bucket.staging-bucket"
          ]
        },
        {
          "index_key": "_next/static/media/EBGaramond-Bold.e76d2ecb8d7caa94cfeeaef10086b498.otf",
          "schema_version": 0,
          "attributes": {
            "acl": "private",
            "bucket": "staging.zemn.me",
            "bucket_key_enabled": false,
            "cache_control": "",
            "content": null,
            "content_base64": null,
            "content_disposition": "",
            "content_encoding": "",
            "content_language": "",
            "content_type": "binary/octet-stream",
            "etag": "ef4ec4eb0919fbcfa0e15393e2024de7",
            "force_destroy": false,
            "id": "_next/static/media/EBGaramond-Bold.e76d2ecb8d7caa94cfeeaef10086b498.otf",
            "key": "_next/static/media/EBGaramond-Bold.e76d2ecb8d7caa94cfeeaef10086b498.otf",
            "kms_key_id": null,
            "metadata": null,
            "object_lock_legal_hold_status": "",
            "object_lock_mode": "",
            "object_lock_retain_until_date": "",
            "server_side_encryption": "",
            "source": "out/_next/static/media/EBGaramond-Bold.e76d2ecb8d7caa94cfeeaef10086b498.otf",
            "storage_class": "STANDARD",
            "tags": null,
            "tags_all": {},
            "version_id": "",
            "website_redirect": ""
          },
          "sensitive_attributes": [],
          "private": "bnVsbA==",
          "dependencies": [
            "aws_s3_bucket.staging-bucket"
          ]
        },
        {
          "index_key": "_next/static/media/EBGaramond-BoldItalic.211552a4955025400b262900147acdf2.otf",
          "schema_version": 0,
          "attributes": {
            "acl": "private",
            "bucket": "staging.zemn.me",
            "bucket_key_enabled": false,
            "cache_control": "",
            "content": null,
            "content_base64": null,
            "content_disposition": "",
            "content_encoding": "",
            "content_language": "",
            "content_type": "binary/octet-stream",
            "etag": "307e35982a87012d64263fa1f9a78f2b",
            "force_destroy": false,
            "id": "_next/static/media/EBGaramond-BoldItalic.211552a4955025400b262900147acdf2.otf",
            "key": "_next/static/media/EBGaramond-BoldItalic.211552a4955025400b262900147acdf2.otf",
            "kms_key_id": null,
            "metadata": null,
            "object_lock_legal_hold_status": "",
            "object_lock_mode": "",
            "object_lock_retain_until_date": "",
            "server_side_encryption": "",
            "source": "out/_next/static/media/EBGaramond-BoldItalic.211552a4955025400b262900147acdf2.otf",
            "storage_class": "STANDARD",
            "tags": null,
            "tags_all": {},
            "version_id": "",
            "website_redirect": ""
          },
          "sensitive_attributes": [],
          "private": "bnVsbA==",
          "dependencies": [
            "aws_s3_bucket.staging-bucket"
          ]
        },
        {
          "index_key": "_next/static/media/EBGaramond-BoldItalic.c19e9fa1f1a772146ace4e700aeac923.ttf",
          "schema_version": 0,
          "attributes": {
            "acl": "private",
            "bucket": "staging.zemn.me",
            "bucket_key_enabled": false,
            "cache_control": "",
            "content": null,
            "content_base64": null,
            "content_disposition": "",
            "content_encoding": "",
            "content_language": "",
            "content_type": "binary/octet-stream",
            "etag": "4e2eaed38c7f6233591226d3835e6187",
            "force_destroy": false,
            "id": "_next/static/media/EBGaramond-BoldItalic.c19e9fa1f1a772146ace4e700aeac923.ttf",
            "key": "_next/static/media/EBGaramond-BoldItalic.c19e9fa1f1a772146ace4e700aeac923.ttf",
            "kms_key_id": null,
            "metadata": null,
            "object_lock_legal_hold_status": "",
            "object_lock_mode": "",
            "object_lock_retain_until_date": "",
            "server_side_encryption": "",
            "source": "out/_next/static/media/EBGaramond-BoldItalic.c19e9fa1f1a772146ace4e700aeac923.ttf",
            "storage_class": "STANDARD",
            "tags": null,
            "tags_all": {},
            "version_id": "",
            "website_redirect": ""
          },
          "sensitive_attributes": [],
          "private": "bnVsbA==",
          "dependencies": [
            "aws_s3_bucket.staging-bucket"
          ]
        },
        {
          "index_key": "_next/static/media/EBGaramond-ExtraBold.54165763f494cbd049316a5a9c2265e5.otf",
          "schema_version": 0,
          "attributes": {
            "acl": "private",
            "bucket": "staging.zemn.me",
            "bucket_key_enabled": false,
            "cache_control": "",
            "content": null,
            "content_base64": null,
            "content_disposition": "",
            "content_encoding": "",
            "content_language": "",
            "content_type": "binary/octet-stream",
            "etag": "72154e86a367091cf42997c015a1eadd",
            "force_destroy": false,
            "id": "_next/static/media/EBGaramond-ExtraBold.54165763f494cbd049316a5a9c2265e5.otf",
            "key": "_next/static/media/EBGaramond-ExtraBold.54165763f494cbd049316a5a9c2265e5.otf",
            "kms_key_id": null,
            "metadata": null,
            "object_lock_legal_hold_status": "",
            "object_lock_mode": "",
            "object_lock_retain_until_date": "",
            "server_side_encryption": "",
            "source": "out/_next/static/media/EBGaramond-ExtraBold.54165763f494cbd049316a5a9c2265e5.otf",
            "storage_class": "STANDARD",
            "tags": null,
            "tags_all": {},
            "version_id": "",
            "website_redirect": ""
          },
          "sensitive_attributes": [],
          "private": "bnVsbA==",
          "dependencies": [
            "aws_s3_bucket.staging-bucket"
          ]
        },
        {
          "index_key": "_next/static/media/EBGaramond-ExtraBold.dc60cce523b95363b8dc480651336841.ttf",
          "schema_version": 0,
          "attributes": {
            "acl": "private",
            "bucket": "staging.zemn.me",
            "bucket_key_enabled": false,
            "cache_control": "",
            "content": null,
            "content_base64": null,
            "content_disposition": "",
            "content_encoding": "",
            "content_language": "",
            "content_type": "binary/octet-stream",
            "etag": "80f97ebac1460810a301cc7deed7f556",
            "force_destroy": false,
            "id": "_next/static/media/EBGaramond-ExtraBold.dc60cce523b95363b8dc480651336841.ttf",
            "key": "_next/static/media/EBGaramond-ExtraBold.dc60cce523b95363b8dc480651336841.ttf",
            "kms_key_id": null,
            "metadata": null,
            "object_lock_legal_hold_status": "",
            "object_lock_mode": "",
            "object_lock_retain_until_date": "",
            "server_side_encryption": "",
            "source": "out/_next/static/media/EBGaramond-ExtraBold.dc60cce523b95363b8dc480651336841.ttf",
            "storage_class": "STANDARD",
            "tags": null,
            "tags_all": {},
            "version_id": "",
            "website_redirect": ""
          },
          "sensitive_attributes": [],
          "private": "bnVsbA==",
          "dependencies": [
            "aws_s3_bucket.staging-bucket"
          ]
        },
        {
          "index_key": "_next/static/media/EBGaramond-ExtraBoldItalic.11d738d713587b5eca1dd67b29130956.otf",
          "schema_version": 0,
          "attributes": {
            "acl": "private",
            "bucket": "staging.zemn.me",
            "bucket_key_enabled": false,
            "cache_control": "",
            "content": null,
            "content_base64": null,
            "content_disposition": "",
            "content_encoding": "",
            "content_language": "",
            "content_type": "binary/octet-stream",
            "etag": "a76397a5b43cbe6d0f9da148f4024dd7",
            "force_destroy": false,
            "id": "_next/static/media/EBGaramond-ExtraBoldItalic.11d738d713587b5eca1dd67b29130956.otf",
            "key": "_next/static/media/EBGaramond-ExtraBoldItalic.11d738d713587b5eca1dd67b29130956.otf",
            "kms_key_id": null,
            "metadata": null,
            "object_lock_legal_hold_status": "",
            "object_lock_mode": "",
            "object_lock_retain_until_date": "",
            "server_side_encryption": "",
            "source": "out/_next/static/media/EBGaramond-ExtraBoldItalic.11d738d713587b5eca1dd67b29130956.otf",
            "storage_class": "STANDARD",
            "tags": null,
            "tags_all": {},
            "version_id": "",
            "website_redirect": ""
          },
          "sensitive_attributes": [],
          "private": "bnVsbA==",
          "dependencies": [
            "aws_s3_bucket.staging-bucket"
          ]
        },
        {
          "index_key": "_next/static/media/EBGaramond-ExtraBoldItalic.ebb9e91fea77b6c2d77177e797af8b4b.ttf",
          "schema_version": 0,
          "attributes": {
            "acl": "private",
            "bucket": "staging.zemn.me",
            "bucket_key_enabled": false,
            "cache_control": "",
            "content": null,
            "content_base64": null,
            "content_disposition": "",
            "content_encoding": "",
            "content_language": "",
            "content_type": "binary/octet-stream",
            "etag": "d211ce8ad9d3d9a1a2d7d7e0637494fb",
            "force_destroy": false,
            "id": "_next/static/media/EBGaramond-ExtraBoldItalic.ebb9e91fea77b6c2d77177e797af8b4b.ttf",
            "key": "_next/static/media/EBGaramond-ExtraBoldItalic.ebb9e91fea77b6c2d77177e797af8b4b.ttf",
            "kms_key_id": null,
            "metadata": null,
            "object_lock_legal_hold_status": "",
            "object_lock_mode": "",
            "object_lock_retain_until_date": "",
            "server_side_encryption": "",
            "source": "out/_next/static/media/EBGaramond-ExtraBoldItalic.ebb9e91fea77b6c2d77177e797af8b4b.ttf",
            "storage_class": "STANDARD",
            "tags": null,
            "tags_all": {},
            "version_id": "",
            "website_redirect": ""
          },
          "sensitive_attributes": [],
          "private": "bnVsbA==",
          "dependencies": [
            "aws_s3_bucket.staging-bucket"
          ]
        },
        {
          "index_key": "_next/static/media/EBGaramond-Italic.6189f5534427eaa9ce4a7c0359dc007d.ttf",
          "schema_version": 0,
          "attributes": {
            "acl": "private",
            "bucket": "staging.zemn.me",
            "bucket_key_enabled": false,
            "cache_control": "",
            "content": null,
            "content_base64": null,
            "content_disposition": "",
            "content_encoding": "",
            "content_language": "",
            "content_type": "binary/octet-stream",
            "etag": "200f87072948cb189a7629aa5838701c",
            "force_destroy": false,
            "id": "_next/static/media/EBGaramond-Italic.6189f5534427eaa9ce4a7c0359dc007d.ttf",
            "key": "_next/static/media/EBGaramond-Italic.6189f5534427eaa9ce4a7c0359dc007d.ttf",
            "kms_key_id": null,
            "metadata": null,
            "object_lock_legal_hold_status": "",
            "object_lock_mode": "",
            "object_lock_retain_until_date": "",
            "server_side_encryption": "",
            "source": "out/_next/static/media/EBGaramond-Italic.6189f5534427eaa9ce4a7c0359dc007d.ttf",
            "storage_class": "STANDARD",
            "tags": null,
            "tags_all": {},
            "version_id": "",
            "website_redirect": ""
          },
          "sensitive_attributes": [],
          "private": "bnVsbA==",
          "dependencies": [
            "aws_s3_bucket.staging-bucket"
          ]
        },
        {
          "index_key": "_next/static/media/EBGaramond-Italic.67b9d0dc11774e2a3d98030eef1cf66c.otf",
          "schema_version": 0,
          "attributes": {
            "acl": "private",
            "bucket": "staging.zemn.me",
            "bucket_key_enabled": false,
            "cache_control": "",
            "content": null,
            "content_base64": null,
            "content_disposition": "",
            "content_encoding": "",
            "content_language": "",
            "content_type": "binary/octet-stream",
            "etag": "21fc18e235733eda5ab043ca209f0512",
            "force_destroy": false,
            "id": "_next/static/media/EBGaramond-Italic.67b9d0dc11774e2a3d98030eef1cf66c.otf",
            "key": "_next/static/media/EBGaramond-Italic.67b9d0dc11774e2a3d98030eef1cf66c.otf",
            "kms_key_id": null,
            "metadata": null,
            "object_lock_legal_hold_status": "",
            "object_lock_mode": "",
            "object_lock_retain_until_date": "",
            "server_side_encryption": "",
            "source": "out/_next/static/media/EBGaramond-Italic.67b9d0dc11774e2a3d98030eef1cf66c.otf",
            "storage_class": "STANDARD",
            "tags": null,
            "tags_all": {},
            "version_id": "",
            "website_redirect": ""
          },
          "sensitive_attributes": [],
          "private": "bnVsbA==",
          "dependencies": [
            "aws_s3_bucket.staging-bucket"
          ]
        },
        {
          "index_key": "_next/static/media/EBGaramond-Medium.3a49db12f1a38a559cede1843f4a75fa.otf",
          "schema_version": 0,
          "attributes": {
            "acl": "private",
            "bucket": "staging.zemn.me",
            "bucket_key_enabled": false,
            "cache_control": "",
            "content": null,
            "content_base64": null,
            "content_disposition": "",
            "content_encoding": "",
            "content_language": "",
            "content_type": "binary/octet-stream",
            "etag": "0bb48f34c1e3a86ff833e055da402063",
            "force_destroy": false,
            "id": "_next/static/media/EBGaramond-Medium.3a49db12f1a38a559cede1843f4a75fa.otf",
            "key": "_next/static/media/EBGaramond-Medium.3a49db12f1a38a559cede1843f4a75fa.otf",
            "kms_key_id": null,
            "metadata": null,
            "object_lock_legal_hold_status": "",
            "object_lock_mode": "",
            "object_lock_retain_until_date": "",
            "server_side_encryption": "",
            "source": "out/_next/static/media/EBGaramond-Medium.3a49db12f1a38a559cede1843f4a75fa.otf",
            "storage_class": "STANDARD",
            "tags": null,
            "tags_all": {},
            "version_id": "",
            "website_redirect": ""
          },
          "sensitive_attributes": [],
          "private": "bnVsbA==",
          "dependencies": [
            "aws_s3_bucket.staging-bucket"
          ]
        },
        {
          "index_key": "_next/static/media/EBGaramond-Medium.577ed46a535a8c77d6e71051658eb4ba.ttf",
          "schema_version": 0,
          "attributes": {
            "acl": "private",
            "bucket": "staging.zemn.me",
            "bucket_key_enabled": false,
            "cache_control": "",
            "content": null,
            "content_base64": null,
            "content_disposition": "",
            "content_encoding": "",
            "content_language": "",
            "content_type": "binary/octet-stream",
            "etag": "4c84a844cadbbc9349814710bdbc48db",
            "force_destroy": false,
            "id": "_next/static/media/EBGaramond-Medium.577ed46a535a8c77d6e71051658eb4ba.ttf",
            "key": "_next/static/media/EBGaramond-Medium.577ed46a535a8c77d6e71051658eb4ba.ttf",
            "kms_key_id": null,
            "metadata": null,
            "object_lock_legal_hold_status": "",
            "object_lock_mode": "",
            "object_lock_retain_until_date": "",
            "server_side_encryption": "",
            "source": "out/_next/static/media/EBGaramond-Medium.577ed46a535a8c77d6e71051658eb4ba.ttf",
            "storage_class": "STANDARD",
            "tags": null,
            "tags_all": {},
            "version_id": "",
            "website_redirect": ""
          },
          "sensitive_attributes": [],
          "private": "bnVsbA==",
          "dependencies": [
            "aws_s3_bucket.staging-bucket"
          ]
        },
        {
          "index_key": "_next/static/media/EBGaramond-MediumItalic.0b42b58129860b8aa16025978719ca49.otf",
          "schema_version": 0,
          "attributes": {
            "acl": "private",
            "bucket": "staging.zemn.me",
            "bucket_key_enabled": false,
            "cache_control": "",
            "content": null,
            "content_base64": null,
            "content_disposition": "",
            "content_encoding": "",
            "content_language": "",
            "content_type": "binary/octet-stream",
            "etag": "5f83514c560e2e1fbdc57911ab661580",
            "force_destroy": false,
            "id": "_next/static/media/EBGaramond-MediumItalic.0b42b58129860b8aa16025978719ca49.otf",
            "key": "_next/static/media/EBGaramond-MediumItalic.0b42b58129860b8aa16025978719ca49.otf",
            "kms_key_id": null,
            "metadata": null,
            "object_lock_legal_hold_status": "",
            "object_lock_mode": "",
            "object_lock_retain_until_date": "",
            "server_side_encryption": "",
            "source": "out/_next/static/media/EBGaramond-MediumItalic.0b42b58129860b8aa16025978719ca49.otf",
            "storage_class": "STANDARD",
            "tags": null,
            "tags_all": {},
            "version_id": "",
            "website_redirect": ""
          },
          "sensitive_attributes": [],
          "private": "bnVsbA==",
          "dependencies": [
            "aws_s3_bucket.staging-bucket"
          ]
        },
        {
          "index_key": "_next/static/media/EBGaramond-MediumItalic.914b228e537076f1292de76851c03744.ttf",
          "schema_version": 0,
          "attributes": {
            "acl": "private",
            "bucket": "staging.zemn.me",
            "bucket_key_enabled": false,
            "cache_control": "",
            "content": null,
            "content_base64": null,
            "content_disposition": "",
            "content_encoding": "",
            "content_language": "",
            "content_type": "binary/octet-stream",
            "etag": "5b5a412e9a20ba4e707f57d09ac4d175",
            "force_destroy": false,
            "id": "_next/static/media/EBGaramond-MediumItalic.914b228e537076f1292de76851c03744.ttf",
            "key": "_next/static/media/EBGaramond-MediumItalic.914b228e537076f1292de76851c03744.ttf",
            "kms_key_id": null,
            "metadata": null,
            "object_lock_legal_hold_status": "",
            "object_lock_mode": "",
            "object_lock_retain_until_date": "",
            "server_side_encryption": "",
            "source": "out/_next/static/media/EBGaramond-MediumItalic.914b228e537076f1292de76851c03744.ttf",
            "storage_class": "STANDARD",
            "tags": null,
            "tags_all": {},
            "version_id": "",
            "website_redirect": ""
          },
          "sensitive_attributes": [],
          "private": "bnVsbA==",
          "dependencies": [
            "aws_s3_bucket.staging-bucket"
          ]
        },
        {
          "index_key": "_next/static/media/EBGaramond-Regular.2d7605382f81ce38958965a7e983af92.otf",
          "schema_version": 0,
          "attributes": {
            "acl": "private",
            "bucket": "staging.zemn.me",
            "bucket_key_enabled": false,
            "cache_control": "",
            "content": null,
            "content_base64": null,
            "content_disposition": "",
            "content_encoding": "",
            "content_language": "",
            "content_type": "binary/octet-stream",
            "etag": "e067d7ed2fc0272d41972b3a0581ce39",
            "force_destroy": false,
            "id": "_next/static/media/EBGaramond-Regular.2d7605382f81ce38958965a7e983af92.otf",
            "key": "_next/static/media/EBGaramond-Regular.2d7605382f81ce38958965a7e983af92.otf",
            "kms_key_id": null,
            "metadata": null,
            "object_lock_legal_hold_status": "",
            "object_lock_mode": "",
            "object_lock_retain_until_date": "",
            "server_side_encryption": "",
            "source": "out/_next/static/media/EBGaramond-Regular.2d7605382f81ce38958965a7e983af92.otf",
            "storage_class": "STANDARD",
            "tags": null,
            "tags_all": {},
            "version_id": "",
            "website_redirect": ""
          },
          "sensitive_attributes": [],
          "private": "bnVsbA==",
          "dependencies": [
            "aws_s3_bucket.staging-bucket"
          ]
        },
        {
          "index_key": "_next/static/media/EBGaramond-Regular.4b81f511069008a0a0bbdb6aa7860153.ttf",
          "schema_version": 0,
          "attributes": {
            "acl": "private",
            "bucket": "staging.zemn.me",
            "bucket_key_enabled": false,
            "cache_control": "",
            "content": null,
            "content_base64": null,
            "content_disposition": "",
            "content_encoding": "",
            "content_language": "",
            "content_type": "binary/octet-stream",
            "etag": "7eef6619ba7fe2c594bee19db88661d3",
            "force_destroy": false,
            "id": "_next/static/media/EBGaramond-Regular.4b81f511069008a0a0bbdb6aa7860153.ttf",
            "key": "_next/static/media/EBGaramond-Regular.4b81f511069008a0a0bbdb6aa7860153.ttf",
            "kms_key_id": null,
            "metadata": null,
            "object_lock_legal_hold_status": "",
            "object_lock_mode": "",
            "object_lock_retain_until_date": "",
            "server_side_encryption": "",
            "source": "out/_next/static/media/EBGaramond-Regular.4b81f511069008a0a0bbdb6aa7860153.ttf",
            "storage_class": "STANDARD",
            "tags": null,
            "tags_all": {},
            "version_id": "",
            "website_redirect": ""
          },
          "sensitive_attributes": [],
          "private": "bnVsbA==",
          "dependencies": [
            "aws_s3_bucket.staging-bucket"
          ]
        },
        {
          "index_key": "_next/static/media/EBGaramond-SemiBold.6c0c9719a8033830b2c6400fd76651ea.ttf",
          "schema_version": 0,
          "attributes": {
            "acl": "private",
            "bucket": "staging.zemn.me",
            "bucket_key_enabled": false,
            "cache_control": "",
            "content": null,
            "content_base64": null,
            "content_disposition": "",
            "content_encoding": "",
            "content_language": "",
            "content_type": "binary/octet-stream",
            "etag": "eb1c7200b47efb0ae0cbac97f61f9a0d",
            "force_destroy": false,
            "id": "_next/static/media/EBGaramond-SemiBold.6c0c9719a8033830b2c6400fd76651ea.ttf",
            "key": "_next/static/media/EBGaramond-SemiBold.6c0c9719a8033830b2c6400fd76651ea.ttf",
            "kms_key_id": null,
            "metadata": null,
            "object_lock_legal_hold_status": "",
            "object_lock_mode": "",
            "object_lock_retain_until_date": "",
            "server_side_encryption": "",
            "source": "out/_next/static/media/EBGaramond-SemiBold.6c0c9719a8033830b2c6400fd76651ea.ttf",
            "storage_class": "STANDARD",
            "tags": null,
            "tags_all": {},
            "version_id": "",
            "website_redirect": ""
          },
          "sensitive_attributes": [],
          "private": "bnVsbA==",
          "dependencies": [
            "aws_s3_bucket.staging-bucket"
          ]
        },
        {
          "index_key": "_next/static/media/EBGaramond-SemiBold.db5cdf16ad0142ed9b19d42b2fc4cd98.otf",
          "schema_version": 0,
          "attributes": {
            "acl": "private",
            "bucket": "staging.zemn.me",
            "bucket_key_enabled": false,
            "cache_control": "",
            "content": null,
            "content_base64": null,
            "content_disposition": "",
            "content_encoding": "",
            "content_language": "",
            "content_type": "binary/octet-stream",
            "etag": "437f830ba7f28774304023a5eb76dcac",
            "force_destroy": false,
            "id": "_next/static/media/EBGaramond-SemiBold.db5cdf16ad0142ed9b19d42b2fc4cd98.otf",
            "key": "_next/static/media/EBGaramond-SemiBold.db5cdf16ad0142ed9b19d42b2fc4cd98.otf",
            "kms_key_id": null,
            "metadata": null,
            "object_lock_legal_hold_status": "",
            "object_lock_mode": "",
            "object_lock_retain_until_date": "",
            "server_side_encryption": "",
            "source": "out/_next/static/media/EBGaramond-SemiBold.db5cdf16ad0142ed9b19d42b2fc4cd98.otf",
            "storage_class": "STANDARD",
            "tags": null,
            "tags_all": {},
            "version_id": "",
            "website_redirect": ""
          },
          "sensitive_attributes": [],
          "private": "bnVsbA==",
          "dependencies": [
            "aws_s3_bucket.staging-bucket"
          ]
        },
        {
          "index_key": "_next/static/media/EBGaramond-SemiBoldItalic.2bb02e11a16915dd527c2a5627ba782c.otf",
          "schema_version": 0,
          "attributes": {
            "acl": "private",
            "bucket": "staging.zemn.me",
            "bucket_key_enabled": false,
            "cache_control": "",
            "content": null,
            "content_base64": null,
            "content_disposition": "",
            "content_encoding": "",
            "content_language": "",
            "content_type": "binary/octet-stream",
            "etag": "1ab5d015e25845434fd34af831065cda",
            "force_destroy": false,
            "id": "_next/static/media/EBGaramond-SemiBoldItalic.2bb02e11a16915dd527c2a5627ba782c.otf",
            "key": "_next/static/media/EBGaramond-SemiBoldItalic.2bb02e11a16915dd527c2a5627ba782c.otf",
            "kms_key_id": null,
            "metadata": null,
            "object_lock_legal_hold_status": "",
            "object_lock_mode": "",
            "object_lock_retain_until_date": "",
            "server_side_encryption": "",
            "source": "out/_next/static/media/EBGaramond-SemiBoldItalic.2bb02e11a16915dd527c2a5627ba782c.otf",
            "storage_class": "STANDARD",
            "tags": null,
            "tags_all": {},
            "version_id": "",
            "website_redirect": ""
          },
          "sensitive_attributes": [],
          "private": "bnVsbA==",
          "dependencies": [
            "aws_s3_bucket.staging-bucket"
          ]
        },
        {
          "index_key": "_next/static/media/EBGaramond-SemiBoldItalic.3f812b07095ed4d310ed6977077660d9.ttf",
          "schema_version": 0,
          "attributes": {
            "acl": "private",
            "bucket": "staging.zemn.me",
            "bucket_key_enabled": false,
            "cache_control": "",
            "content": null,
            "content_base64": null,
            "content_disposition": "",
            "content_encoding": "",
            "content_language": "",
            "content_type": "binary/octet-stream",
            "etag": "3c911daf56676fa127541bef92d82ac9",
            "force_destroy": false,
            "id": "_next/static/media/EBGaramond-SemiBoldItalic.3f812b07095ed4d310ed6977077660d9.ttf",
            "key": "_next/static/media/EBGaramond-SemiBoldItalic.3f812b07095ed4d310ed6977077660d9.ttf",
            "kms_key_id": null,
            "metadata": null,
            "object_lock_legal_hold_status": "",
            "object_lock_mode": "",
            "object_lock_retain_until_date": "",
            "server_side_encryption": "",
            "source": "out/_next/static/media/EBGaramond-SemiBoldItalic.3f812b07095ed4d310ed6977077660d9.ttf",
            "storage_class": "STANDARD",
            "tags": null,
            "tags_all": {},
            "version_id": "",
            "website_redirect": ""
          },
          "sensitive_attributes": [],
          "private": "bnVsbA==",
          "dependencies": [
            "aws_s3_bucket.staging-bucket"
          ]
        },
        {
          "index_key": "article/2014/csp.html",
          "schema_version": 0,
          "attributes": {
            "acl": "private",
            "bucket": "staging.zemn.me",
            "bucket_key_enabled": false,
            "cache_control": "",
            "content": null,
            "content_base64": null,
            "content_disposition": "",
            "content_encoding": "",
            "content_language": "",
            "content_type": "binary/octet-stream",
            "etag": "2f5d8b37eed2acf5c1beb41c4874f396",
            "force_destroy": false,
            "id": "article/2014/csp.html",
            "key": "article/2014/csp.html",
            "kms_key_id": null,
            "metadata": null,
            "object_lock_legal_hold_status": "",
            "object_lock_mode": "",
            "object_lock_retain_until_date": "",
            "server_side_encryption": "",
            "source": "out/article/2014/csp.html",
            "storage_class": "STANDARD",
            "tags": null,
            "tags_all": {},
            "version_id": "",
            "website_redirect": ""
          },
          "sensitive_attributes": [],
          "private": "bnVsbA==",
          "dependencies": [
            "aws_s3_bucket.staging-bucket"
          ]
        },
        {
          "index_key": "article/2016/vault_tec.html",
          "schema_version": 0,
          "attributes": {
            "acl": "private",
            "bucket": "staging.zemn.me",
            "bucket_key_enabled": false,
            "cache_control": "",
            "content": null,
            "content_base64": null,
            "content_disposition": "",
            "content_encoding": "",
            "content_language": "",
            "content_type": "binary/octet-stream",
            "etag": "e3d437ee96e11fecb2c0c991504abf1b",
            "force_destroy": false,
            "id": "article/2016/vault_tec.html",
            "key": "article/2016/vault_tec.html",
            "kms_key_id": null,
            "metadata": null,
            "object_lock_legal_hold_status": "",
            "object_lock_mode": "",
            "object_lock_retain_until_date": "",
            "server_side_encryption": "",
            "source": "out/article/2016/vault_tec.html",
            "storage_class": "STANDARD",
            "tags": null,
            "tags_all": {},
            "version_id": "",
            "website_redirect": ""
          },
          "sensitive_attributes": [],
          "private": "bnVsbA==",
          "dependencies": [
            "aws_s3_bucket.staging-bucket"
          ]
        },
        {
          "index_key": "article/2017/design.html",
          "schema_version": 0,
          "attributes": {
            "acl": "private",
            "bucket": "staging.zemn.me",
            "bucket_key_enabled": false,
            "cache_control": "",
            "content": null,
            "content_base64": null,
            "content_disposition": "",
            "content_encoding": "",
            "content_language": "",
            "content_type": "binary/octet-stream",
            "etag": "3083122449728d0a206618ada48215c6",
            "force_destroy": false,
            "id": "article/2017/design.html",
            "key": "article/2017/design.html",
            "kms_key_id": null,
            "metadata": null,
            "object_lock_legal_hold_status": "",
            "object_lock_mode": "",
            "object_lock_retain_until_date": "",
            "server_side_encryption": "",
            "source": "out/article/2017/design.html",
            "storage_class": "STANDARD",
            "tags": null,
            "tags_all": {},
            "version_id": "",
            "website_redirect": ""
          },
          "sensitive_attributes": [],
          "private": "bnVsbA==",
          "dependencies": [
            "aws_s3_bucket.staging-bucket"
          ]
        },
        {
          "index_key": "article/2018/spotify.html",
          "schema_version": 0,
          "attributes": {
            "acl": "private",
            "bucket": "staging.zemn.me",
            "bucket_key_enabled": false,
            "cache_control": "",
            "content": null,
            "content_base64": null,
            "content_disposition": "",
            "content_encoding": "",
            "content_language": "",
            "content_type": "binary/octet-stream",
            "etag": "525285638a735f059fe7820ccd631004",
            "force_destroy": false,
            "id": "article/2018/spotify.html",
            "key": "article/2018/spotify.html",
            "kms_key_id": null,
            "metadata": null,
            "object_lock_legal_hold_status": "",
            "object_lock_mode": "",
            "object_lock_retain_until_date": "",
            "server_side_encryption": "",
            "source": "out/article/2018/spotify.html",
            "storage_class": "STANDARD",
            "tags": null,
            "tags_all": {},
            "version_id": "",
            "website_redirect": ""
          },
          "sensitive_attributes": [],
          "private": "bnVsbA==",
          "dependencies": [
            "aws_s3_bucket.staging-bucket"
          ]
        },
        {
          "index_key": "article/2019/cors.html",
          "schema_version": 0,
          "attributes": {
            "acl": "private",
            "bucket": "staging.zemn.me",
            "bucket_key_enabled": false,
            "cache_control": "",
            "content": null,
            "content_base64": null,
            "content_disposition": "",
            "content_encoding": "",
            "content_language": "",
            "content_type": "binary/octet-stream",
            "etag": "571d5a2bd9bf58317ef775e151090b88",
            "force_destroy": false,
            "id": "article/2019/cors.html",
            "key": "article/2019/cors.html",
            "kms_key_id": null,
            "metadata": null,
            "object_lock_legal_hold_status": "",
            "object_lock_mode": "",
            "object_lock_retain_until_date": "",
            "server_side_encryption": "",
            "source": "out/article/2019/cors.html",
            "storage_class": "STANDARD",
            "tags": null,
            "tags_all": {},
            "version_id": "",
            "website_redirect": ""
          },
          "sensitive_attributes": [],
          "private": "bnVsbA==",
          "dependencies": [
            "aws_s3_bucket.staging-bucket"
          ]
        },
        {
          "index_key": "article/2020/javascript_rendering.html",
          "schema_version": 0,
          "attributes": {
            "acl": "private",
            "bucket": "staging.zemn.me",
            "bucket_key_enabled": false,
            "cache_control": "",
            "content": null,
            "content_base64": null,
            "content_disposition": "",
            "content_encoding": "",
            "content_language": "",
            "content_type": "binary/octet-stream",
            "etag": "de47bfebd28fd90bfc82b81ef7c6eb7a",
            "force_destroy": false,
            "id": "article/2020/javascript_rendering.html",
            "key": "article/2020/javascript_rendering.html",
            "kms_key_id": null,
            "metadata": null,
            "object_lock_legal_hold_status": "",
            "object_lock_mode": "",
            "object_lock_retain_until_date": "",
            "server_side_encryption": "",
            "source": "out/article/2020/javascript_rendering.html",
            "storage_class": "STANDARD",
            "tags": null,
            "tags_all": {},
            "version_id": "",
            "website_redirect": ""
          },
          "sensitive_attributes": [],
          "private": "bnVsbA==",
          "dependencies": [
            "aws_s3_bucket.staging-bucket"
          ]
        },
        {
          "index_key": "article/2020/psychiatry.html",
          "schema_version": 0,
          "attributes": {
            "acl": "private",
            "bucket": "staging.zemn.me",
            "bucket_key_enabled": false,
            "cache_control": "",
            "content": null,
            "content_base64": null,
            "content_disposition": "",
            "content_encoding": "",
            "content_language": "",
            "content_type": "binary/octet-stream",
            "etag": "e0eb7ae4913db0428e712be264f458a2",
            "force_destroy": false,
            "id": "article/2020/psychiatry.html",
            "key": "article/2020/psychiatry.html",
            "kms_key_id": null,
            "metadata": null,
            "object_lock_legal_hold_status": "",
            "object_lock_mode": "",
            "object_lock_retain_until_date": "",
            "server_side_encryption": "",
            "source": "out/article/2020/psychiatry.html",
            "storage_class": "STANDARD",
            "tags": null,
            "tags_all": {},
            "version_id": "",
            "website_redirect": ""
          },
          "sensitive_attributes": [],
          "private": "bnVsbA==",
          "dependencies": [
            "aws_s3_bucket.staging-bucket"
          ]
        },
        {
          "index_key": "article/2020/respawn.html",
          "schema_version": 0,
          "attributes": {
            "acl": "private",
            "bucket": "staging.zemn.me",
            "bucket_key_enabled": false,
            "cache_control": "",
            "content": null,
            "content_base64": null,
            "content_disposition": "",
            "content_encoding": "",
            "content_language": "",
            "content_type": "binary/octet-stream",
            "etag": "0129f8f397ea771636b0e0e41584f65f",
            "force_destroy": false,
            "id": "article/2020/respawn.html",
            "key": "article/2020/respawn.html",
            "kms_key_id": null,
            "metadata": null,
            "object_lock_legal_hold_status": "",
            "object_lock_mode": "",
            "object_lock_retain_until_date": "",
            "server_side_encryption": "",
            "source": "out/article/2020/respawn.html",
            "storage_class": "STANDARD",
            "tags": null,
            "tags_all": {},
            "version_id": "",
            "website_redirect": ""
          },
          "sensitive_attributes": [],
          "private": "bnVsbA==",
          "dependencies": [
            "aws_s3_bucket.staging-bucket"
          ]
        },
        {
          "index_key": "article/2020/security.html",
          "schema_version": 0,
          "attributes": {
            "acl": "private",
            "bucket": "staging.zemn.me",
            "bucket_key_enabled": false,
            "cache_control": "",
            "content": null,
            "content_base64": null,
            "content_disposition": "",
            "content_encoding": "",
            "content_language": "",
            "content_type": "binary/octet-stream",
            "etag": "254b54fb1d673a3da5a5a08d71f85914",
            "force_destroy": false,
            "id": "article/2020/security.html",
            "key": "article/2020/security.html",
            "kms_key_id": null,
            "metadata": null,
            "object_lock_legal_hold_status": "",
            "object_lock_mode": "",
            "object_lock_retain_until_date": "",
            "server_side_encryption": "",
            "source": "out/article/2020/security.html",
            "storage_class": "STANDARD",
            "tags": null,
            "tags_all": {},
            "version_id": "",
            "website_redirect": ""
          },
          "sensitive_attributes": [],
          "private": "bnVsbA==",
          "dependencies": [
            "aws_s3_bucket.staging-bucket"
          ]
        },
        {
          "index_key": "article/2020/upper.html",
          "schema_version": 0,
          "attributes": {
            "acl": "private",
            "bucket": "staging.zemn.me",
            "bucket_key_enabled": false,
            "cache_control": "",
            "content": null,
            "content_base64": null,
            "content_disposition": "",
            "content_encoding": "",
            "content_language": "",
            "content_type": "binary/octet-stream",
            "etag": "e6d269b9f28327cf19454cd6cb1b130a",
            "force_destroy": false,
            "id": "article/2020/upper.html",
            "key": "article/2020/upper.html",
            "kms_key_id": null,
            "metadata": null,
            "object_lock_legal_hold_status": "",
            "object_lock_mode": "",
            "object_lock_retain_until_date": "",
            "server_side_encryption": "",
            "source": "out/article/2020/upper.html",
            "storage_class": "STANDARD",
            "tags": null,
            "tags_all": {},
            "version_id": "",
            "website_redirect": ""
          },
          "sensitive_attributes": [],
          "private": "bnVsbA==",
          "dependencies": [
            "aws_s3_bucket.staging-bucket"
          ]
        },
        {
          "index_key": "article/2021/pizza.html",
          "schema_version": 0,
          "attributes": {
            "acl": "private",
            "bucket": "staging.zemn.me",
            "bucket_key_enabled": false,
            "cache_control": "",
            "content": null,
            "content_base64": null,
            "content_disposition": "",
            "content_encoding": "",
            "content_language": "",
            "content_type": "binary/octet-stream",
            "etag": "21d2c8f1e237d3faeb0ba56c2581225d",
            "force_destroy": false,
            "id": "article/2021/pizza.html",
            "key": "article/2021/pizza.html",
            "kms_key_id": null,
            "metadata": null,
            "object_lock_legal_hold_status": "",
            "object_lock_mode": "",
            "object_lock_retain_until_date": "",
            "server_side_encryption": "",
            "source": "out/article/2021/pizza.html",
            "storage_class": "STANDARD",
            "tags": null,
            "tags_all": {},
            "version_id": "",
            "website_redirect": ""
          },
          "sensitive_attributes": [],
          "private": "bnVsbA==",
          "dependencies": [
            "aws_s3_bucket.staging-bucket"
          ]
        },
        {
          "index_key": "article/2021/trad.html",
          "schema_version": 0,
          "attributes": {
            "acl": "private",
            "bucket": "staging.zemn.me",
            "bucket_key_enabled": false,
            "cache_control": "",
            "content": null,
            "content_base64": null,
            "content_disposition": "",
            "content_encoding": "",
            "content_language": "",
            "content_type": "binary/octet-stream",
            "etag": "7dece4120da9a58f635d86e11bd91689",
            "force_destroy": false,
            "id": "article/2021/trad.html",
            "key": "article/2021/trad.html",
            "kms_key_id": null,
            "metadata": null,
            "object_lock_legal_hold_status": "",
            "object_lock_mode": "",
            "object_lock_retain_until_date": "",
            "server_side_encryption": "",
            "source": "out/article/2021/trad.html",
            "storage_class": "STANDARD",
            "tags": null,
            "tags_all": {},
            "version_id": "",
            "website_redirect": ""
          },
          "sensitive_attributes": [],
          "private": "bnVsbA==",
          "dependencies": [
            "aws_s3_bucket.staging-bucket"
          ]
        },
        {
          "index_key": "article/test.html",
          "schema_version": 0,
          "attributes": {
            "acl": "private",
            "bucket": "staging.zemn.me",
            "bucket_key_enabled": false,
            "cache_control": "",
            "content": null,
            "content_base64": null,
            "content_disposition": "",
            "content_encoding": "",
            "content_language": "",
            "content_type": "binary/octet-stream",
            "etag": "bcd3b6b4be395e094018455556f9633a",
            "force_destroy": false,
            "id": "article/test.html",
            "key": "article/test.html",
            "kms_key_id": null,
            "metadata": null,
            "object_lock_legal_hold_status": "",
            "object_lock_mode": "",
            "object_lock_retain_until_date": "",
            "server_side_encryption": "",
            "source": "out/article/test.html",
            "storage_class": "STANDARD",
            "tags": null,
            "tags_all": {},
            "version_id": "",
            "website_redirect": ""
          },
          "sensitive_attributes": [],
          "private": "bnVsbA==",
          "dependencies": [
            "aws_s3_bucket.staging-bucket"
          ]
        },
        {
          "index_key": "article/test/abc.html",
          "schema_version": 0,
          "attributes": {
            "acl": "private",
            "bucket": "staging.zemn.me",
            "bucket_key_enabled": false,
            "cache_control": "",
            "content": null,
            "content_base64": null,
            "content_disposition": "",
            "content_encoding": "",
            "content_language": "",
            "content_type": "binary/octet-stream",
            "etag": "88c8dd0264540d39a182412b1a148069",
            "force_destroy": false,
            "id": "article/test/abc.html",
            "key": "article/test/abc.html",
            "kms_key_id": null,
            "metadata": null,
            "object_lock_legal_hold_status": "",
            "object_lock_mode": "",
            "object_lock_retain_until_date": "",
            "server_side_encryption": "",
            "source": "out/article/test/abc.html",
            "storage_class": "STANDARD",
            "tags": null,
            "tags_all": {},
            "version_id": "",
            "website_redirect": ""
          },
          "sensitive_attributes": [],
          "private": "bnVsbA==",
          "dependencies": [
            "aws_s3_bucket.staging-bucket"
          ]
        },
        {
          "index_key": "article/test/basic.html",
          "schema_version": 0,
          "attributes": {
            "acl": "private",
            "bucket": "staging.zemn.me",
            "bucket_key_enabled": false,
            "cache_control": "",
            "content": null,
            "content_base64": null,
            "content_disposition": "",
            "content_encoding": "",
            "content_language": "",
            "content_type": "binary/octet-stream",
            "etag": "767fdae79e902e96627ab359eba7e061",
            "force_destroy": false,
            "id": "article/test/basic.html",
            "key": "article/test/basic.html",
            "kms_key_id": null,
            "metadata": null,
            "object_lock_legal_hold_status": "",
            "object_lock_mode": "",
            "object_lock_retain_until_date": "",
            "server_side_encryption": "",
            "source": "out/article/test/basic.html",
            "storage_class": "STANDARD",
            "tags": null,
            "tags_all": {},
            "version_id": "",
            "website_redirect": ""
          },
          "sensitive_attributes": [],
          "private": "bnVsbA==",
          "dependencies": [
            "aws_s3_bucket.staging-bucket"
          ]
        },
        {
          "index_key": "article/test/transition.html",
          "schema_version": 0,
          "attributes": {
            "acl": "private",
            "bucket": "staging.zemn.me",
            "bucket_key_enabled": false,
            "cache_control": "",
            "content": null,
            "content_base64": null,
            "content_disposition": "",
            "content_encoding": "",
            "content_language": "",
            "content_type": "binary/octet-stream",
            "etag": "90f63c049e2ffe09952386a1313aaa9f",
            "force_destroy": false,
            "id": "article/test/transition.html",
            "key": "article/test/transition.html",
            "kms_key_id": null,
            "metadata": null,
            "object_lock_legal_hold_status": "",
            "object_lock_mode": "",
            "object_lock_retain_until_date": "",
            "server_side_encryption": "",
            "source": "out/article/test/transition.html",
            "storage_class": "STANDARD",
            "tags": null,
            "tags_all": {},
            "version_id": "",
            "website_redirect": ""
          },
          "sensitive_attributes": [],
          "private": "bnVsbA==",
          "dependencies": [
            "aws_s3_bucket.staging-bucket"
          ]
        },
        {
          "index_key": "article/treeList.html",
          "schema_version": 0,
          "attributes": {
            "acl": "private",
            "bucket": "staging.zemn.me",
            "bucket_key_enabled": false,
            "cache_control": "",
            "content": null,
            "content_base64": null,
            "content_disposition": "",
            "content_encoding": "",
            "content_language": "",
            "content_type": "binary/octet-stream",
            "etag": "ee3f452cf49053348bb75bf8a457cb59",
            "force_destroy": false,
            "id": "article/treeList.html",
            "key": "article/treeList.html",
            "kms_key_id": null,
            "metadata": null,
            "object_lock_legal_hold_status": "",
            "object_lock_mode": "",
            "object_lock_retain_until_date": "",
            "server_side_encryption": "",
            "source": "out/article/treeList.html",
            "storage_class": "STANDARD",
            "tags": null,
            "tags_all": {},
            "version_id": "",
            "website_redirect": ""
          },
          "sensitive_attributes": [],
          "private": "bnVsbA==",
          "dependencies": [
            "aws_s3_bucket.staging-bucket"
          ]
        },
        {
          "index_key": "favicon.ico",
          "schema_version": 0,
          "attributes": {
            "acl": "private",
            "bucket": "staging.zemn.me",
            "bucket_key_enabled": false,
            "cache_control": "",
            "content": null,
            "content_base64": null,
            "content_disposition": "",
            "content_encoding": "",
            "content_language": "",
            "content_type": "binary/octet-stream",
            "etag": "21b739d43fcb9bbb83d8541fe4fe88fa",
            "force_destroy": false,
            "id": "favicon.ico",
            "key": "favicon.ico",
            "kms_key_id": null,
            "metadata": {},
            "object_lock_legal_hold_status": "",
            "object_lock_mode": "",
            "object_lock_retain_until_date": "",
            "server_side_encryption": "",
            "source": "out/favicon.ico",
            "storage_class": "STANDARD",
            "tags": {},
            "tags_all": {},
            "version_id": "",
            "website_redirect": ""
          },
          "sensitive_attributes": [],
          "private": "bnVsbA==",
          "dependencies": [
            "aws_s3_bucket.staging-bucket"
          ]
        },
        {
          "index_key": "index.html",
          "schema_version": 0,
          "attributes": {
            "acl": "private",
            "bucket": "staging.zemn.me",
            "bucket_key_enabled": false,
            "cache_control": "",
            "content": null,
            "content_base64": null,
            "content_disposition": "",
            "content_encoding": "",
            "content_language": "",
            "content_type": "binary/octet-stream",
            "etag": "b0d8838e988017d3878cce7431af5db2",
            "force_destroy": false,
            "id": "index.html",
            "key": "index.html",
            "kms_key_id": null,
            "metadata": {},
            "object_lock_legal_hold_status": "",
            "object_lock_mode": "",
            "object_lock_retain_until_date": "",
            "server_side_encryption": "",
            "source": "out/index.html",
            "storage_class": "STANDARD",
            "tags": {},
            "tags_all": {},
            "version_id": "",
            "website_redirect": ""
          },
          "sensitive_attributes": [],
          "private": "bnVsbA==",
          "dependencies": [
            "aws_s3_bucket.staging-bucket"
          ]
        },
        {
          "index_key": "rendertest.html",
          "schema_version": 0,
          "attributes": {
            "acl": "private",
            "bucket": "staging.zemn.me",
            "bucket_key_enabled": false,
            "cache_control": "",
            "content": null,
            "content_base64": null,
            "content_disposition": "",
            "content_encoding": "",
            "content_language": "",
            "content_type": "binary/octet-stream",
            "etag": "104c48cc891b2e3b3d056a4f072c5017",
            "force_destroy": false,
            "id": "rendertest.html",
            "key": "rendertest.html",
            "kms_key_id": null,
            "metadata": {},
            "object_lock_legal_hold_status": "",
            "object_lock_mode": "",
            "object_lock_retain_until_date": "",
            "server_side_encryption": "",
            "source": "out/rendertest.html",
            "storage_class": "STANDARD",
            "tags": {},
            "tags_all": {},
            "version_id": "",
            "website_redirect": ""
          },
          "sensitive_attributes": [],
          "private": "bnVsbA==",
          "dependencies": [
            "aws_s3_bucket.staging-bucket"
          ]
        }
      ]
    }
  ]
}
