e2f4c347e3437e5bbf46379b4f0daf1249ffb16fe20178b9e7e33da9f068c639  ts/do-sync/README.md
0b00d0372b9c84ce836b4e481150ad0c688e385b1a0c9f7ee4556db9f0765700  bazel-out/k8-fastbuild/bin/ts/do-sync/doSync.js
baf4510a07a7dc584dc1a120c68143bc74dbd04c7080093420b9edaa27bceb39  bazel-out/k8-fastbuild/bin/ts/do-sync/index.js
5808090b86e4bc2e7f4ab29c7f47cae69944e74fcb067a582b386d2338e1c35a  bazel-out/k8-fastbuild/bin/ts/do-sync/package.json
f463104308ceedaabece32e65b88ffe6b7b6b638bb9a59409610a5cdbcc9694d  bazel-out/k8-fastbuild/bin/ts/do-sync/yarn.lock
6b51d431df5d7f141cbececcf79edf3dd861c3b4069f0b11661a3eefacbba918  ts/do-sync/version/MINOR
