0b00d0372b9c84ce836b4e481150ad0c688e385b1a0c9f7ee4556db9f0765700  bazel-out/k8-fastbuild/bin/ts/do-sync/doSync.js
baf4510a07a7dc584dc1a120c68143bc74dbd04c7080093420b9edaa27bceb39  bazel-out/k8-fastbuild/bin/ts/do-sync/index.js
5dbef44d61cd041155923240161c806ed7a7402c9f8eb4b835ac49b770e108ba  bazel-out/k8-fastbuild/bin/ts/do-sync/package.json
c2d7a6a339a16fcc8c325353b92d037a1eb2d1d28c3077bdd25c205a98d2056e  bazel-out/k8-fastbuild/bin/ts/do-sync/yarn.lock
e2f4c347e3437e5bbf46379b4f0daf1249ffb16fe20178b9e7e33da9f068c639  ts/do-sync/README.md
c2356069e9d1e79ca924378153cfbbfb4d4416b1f99d41a2940bfdb66c5319db  ts/do-sync/version/MINOR
