e2f4c347e3437e5bbf46379b4f0daf1249ffb16fe20178b9e7e33da9f068c639  ts/do-sync/README.md
21d31dc7f214b4cf4b60bbb5b96b0575993538afd270966da0475a069a016fb3  bazel-out/k8-fastbuild/bin/ts/do-sync/doSync.js
5f5fd1426178c4afc2c615a63a984b5328cb1bb1a248ae434a1f2e7f467cfac3  bazel-out/k8-fastbuild/bin/ts/do-sync/index.js
e0aef0b9cc28f16f7ace1fe34147e721a911b7aad7e964daa31e913d17125b7e  bazel-out/k8-fastbuild/bin/ts/do-sync/package.json
7fd21eb76120dfddd3a98d6f560ed1ba9a24d24be3639f000b756beb9a40f63e  bazel-out/k8-fastbuild/bin/ts/do-sync/yarn.lock
e7f6c011776e8db7cd330b54174fd76f7d0216b612387a5ffcfb81e6f0919683  ts/do-sync/version/MINOR
