615371701e37934e153f5ace5d48e7d6a93fee4a429c4c9e88eccf5bff30e0f5  bazel-out/k8-fastbuild/bin/ts/cmd/svgshot/npm_pkg_deps.json
81521b08a090ae0dea97f3f5ebbcfe6335e5b3f5f3712cbcd192f3af03afc384  ts/cmd/svgshot/README.md
7f2253d7e228b22a08bda1f09c516f6fead81df6536eb02fa991a34bb38d9be8  ts/cmd/svgshot/version/MINOR
