3266e0756542e6f39d4bafbf163732ee0850f1dedf3902a00b6cfa4b9b1402d8  bazel-out/k8-fastbuild/bin/ts/cmd/svgshot/npm_pkg_deps.json
81521b08a090ae0dea97f3f5ebbcfe6335e5b3f5f3712cbcd192f3af03afc384  ts/cmd/svgshot/README.md
bbb965ab0c80d6538cf2184babad2a564a010376712012bd07b0af92dcd3097d  ts/cmd/svgshot/version/MINOR
