76e90f8672ee8859d73810efcec0ed15f8bc872de78f40474f7b74d7d40dbe8f  ts/cmd/svgshot/README.md
0fc0b54569c5dba3967ea35e19e80ce9b18f97fcaa275805f90858633f77bbe3  ts/cmd/svgshot/docs/Twitch.svg
6741fd8d40596068d24159a00a07257594f46c2f9d25431fa9d38c00c888c807  ts/cmd/svgshot/docs/Wikipedia__the_free_encyclopedia.svg
3ed0c71dc1d320732c7a2d8a22b969769cbbb2d61689437191e39b606b9cbb52  bazel-out/k8-fastbuild/bin/ts/cmd/svgshot/index.js
9fe68245c702523526c8a5a3de5fdf356f2ad94deeab9f8bf395a780a2474174  bazel-out/k8-fastbuild/bin/ts/cmd/svgshot/lib.js
d567fb85fcafe068a11723e1a6799e7d7e205899702fd87564d14f5c50404362  bazel-out/k8-fastbuild/bin/ts/cmd/svgshot/svgshot_test.js
3b674e40ae9d471db208e46ac86a9fa58e97f5d6f748139145bb42d336f14cbe  bazel-out/k8-fastbuild/bin/ts/cmd/svgshot/index.js.map
c1ce7892bd4641037cb3d7899eac1ee42fc7dcf7a9bae359e774579982ff07c3  bazel-out/k8-fastbuild/bin/ts/cmd/svgshot/lib.js.map
b495c17c1f9c2b724c431e9de8fb86100e8e6e749beb0592ef5c5548574e2c4e  bazel-out/k8-fastbuild/bin/ts/cmd/svgshot/svgshot_test.js.map
68d49c9548fee279c8819a7d4dd1068c6361a5be4af248edca519e8fcc8df45e  bazel-out/k8-fastbuild/bin/ts/cmd/svgshot/package.json
d2f6441f80a76eae3d6e30f11f93517b01c7f8b8196de284e4e1ae396a030b00  bazel-out/k8-fastbuild/bin/ts/cmd/svgshot/yarn.lock
f5ca38f748a1d6eaf726b8a42fb575c3c71f1864a8143301782de13da2d9202b  ts/cmd/svgshot/version/MINOR
