3ed0c71dc1d320732c7a2d8a22b969769cbbb2d61689437191e39b606b9cbb52  bazel-out/k8-fastbuild/bin/ts/cmd/svgshot/index.js
9fe68245c702523526c8a5a3de5fdf356f2ad94deeab9f8bf395a780a2474174  bazel-out/k8-fastbuild/bin/ts/cmd/svgshot/lib.js
d567fb85fcafe068a11723e1a6799e7d7e205899702fd87564d14f5c50404362  bazel-out/k8-fastbuild/bin/ts/cmd/svgshot/svgshot_test.js
3b674e40ae9d471db208e46ac86a9fa58e97f5d6f748139145bb42d336f14cbe  bazel-out/k8-fastbuild/bin/ts/cmd/svgshot/index.js.map
c1ce7892bd4641037cb3d7899eac1ee42fc7dcf7a9bae359e774579982ff07c3  bazel-out/k8-fastbuild/bin/ts/cmd/svgshot/lib.js.map
b495c17c1f9c2b724c431e9de8fb86100e8e6e749beb0592ef5c5548574e2c4e  bazel-out/k8-fastbuild/bin/ts/cmd/svgshot/svgshot_test.js.map
e2aa2289c3e6117440b0b532b1ecce490df5a459deb823134f6c994c76e316b5  bazel-out/k8-fastbuild/bin/ts/cmd/svgshot/package.json
b58440b5ebc1f27cf89b22cab80dbc452bb7eba7e38c198274fdf277fde9b6b1  bazel-out/k8-fastbuild/bin/ts/cmd/svgshot/yarn.lock
4b227777d4dd1fc61c6f884f48641d02b4d121d3fd328cb08b5531fcacdabf8a  ts/cmd/svgshot/version/MINOR
