3ed0c71dc1d320732c7a2d8a22b969769cbbb2d61689437191e39b606b9cbb52  bazel-out/k8-fastbuild/bin/ts/cmd/svgshot/index.js
2a893ab52a8a033d097e89736964ad969828d0e02dbde8c93fb89fdf19b28743  bazel-out/k8-fastbuild/bin/ts/cmd/svgshot/lib.js
d567fb85fcafe068a11723e1a6799e7d7e205899702fd87564d14f5c50404362  bazel-out/k8-fastbuild/bin/ts/cmd/svgshot/svgshot_test.js
3b674e40ae9d471db208e46ac86a9fa58e97f5d6f748139145bb42d336f14cbe  bazel-out/k8-fastbuild/bin/ts/cmd/svgshot/index.js.map
38c67fd82bb25ddaab7e676c290e70694c10b850869288eb9cf7b404c69c5fba  bazel-out/k8-fastbuild/bin/ts/cmd/svgshot/lib.js.map
b495c17c1f9c2b724c431e9de8fb86100e8e6e749beb0592ef5c5548574e2c4e  bazel-out/k8-fastbuild/bin/ts/cmd/svgshot/svgshot_test.js.map
6b86b273ff34fce19d6b804eff5a3f5747ada4eaa22f1d49c01e52ddb7875b4b  ts/cmd/svgshot/version/MINOR
